
Microsoft Visual Studio Solution File, Format Version 12.00
# Visual Studio 2012
VisualStudioVersion = 14.0.23107.0
MinimumVisualStudioVersion = 10.0.40219.1
Project("{D954291E-2A0B-460D-934E-DC6B0785DB48}") = "cbforest-sharp.Shared", "cbforest-sharp.Shared\cbforest-sharp.Shared.shproj", "{0BFC8B40-0659-4D45-B111-7CB4CCD22991}"
EndProject
Project("{FAE04EC0-301F-11D3-BF4B-00C04F79EFBC}") = "cbforest-sharp.Net45", "cbforest-sharp.Net45\cbforest-sharp.Net45.csproj", "{20839831-948C-42BA-AAF1-75081209E6C5}"
EndProject
Project("{2150E333-8FDC-42A3-9474-1A3956D46DE8}") = "Tests", "Tests", "{06DF5830-4AC7-488B-9171-A0A9E1F300EC}"
EndProject
Project("{D954291E-2A0B-460D-934E-DC6B0785DB48}") = "cbforest-sharp-tests.Shared", "Tests\cbforest-sharp-tests.Shared\cbforest-sharp-tests.Shared.shproj", "{3EBFD1C4-63AB-4598-B15A-B2C28BAB5E9A}"
EndProject
Project("{FAE04EC0-301F-11D3-BF4B-00C04F79EFBC}") = "cbforest-sharp-tests.Net45", "Tests\cbforest-sharp-tests.Net45\cbforest-sharp-tests.Net45.csproj", "{E1929D98-BF32-47E4-8E1E-897782DAED1F}"
EndProject
Project("{FAE04EC0-301F-11D3-BF4B-00C04F79EFBC}") = "cbforest-sharp-tests.iOS", "Tests\cbforest-sharp-tests.iOS\cbforest-sharp-tests.iOS.csproj", "{65DA1C0B-821C-4B90-B7FB-8053547E4870}"
EndProject
Project("{FAE04EC0-301F-11D3-BF4B-00C04F79EFBC}") = "cbforest-sharp-tests.Droid", "Tests\cbforest-sharp-tests.Droid\cbforest-sharp-tests.Droid.csproj", "{96A43372-35B3-47EF-A908-793AE3B52EB7}"
EndProject
Project("{FAE04EC0-301F-11D3-BF4B-00C04F79EFBC}") = "cbforest-sharp.iOS", "cbforest-sharp.iOS\cbforest-sharp.iOS.csproj", "{A5757777-CDFE-43BF-8260-D342BF83B773}"
EndProject
Project("{FAE04EC0-301F-11D3-BF4B-00C04F79EFBC}") = "cbforest-sharp.Droid", "cbforest-sharp.Droid\cbforest-sharp.Droid.csproj", "{71FCF2BD-F5D4-4D1B-A895-7E7F6967D974}"
EndProject
Project("{FAE04EC0-301F-11D3-BF4B-00C04F79EFBC}") = "cbforest-sharp.Net35", "cbforest-sharp.Net35\cbforest-sharp.Net35.csproj", "{7032FEC5-BFBB-440E-97B0-139A8E54D1C5}"
EndProject
Global
	GlobalSection(SolutionConfigurationPlatforms) = preSolution
		Debug|Any CPU = Debug|Any CPU
		Debug|iPhone = Debug|iPhone
		Debug|iPhoneSimulator = Debug|iPhoneSimulator
		Release|Any CPU = Release|Any CPU
		Release|iPhone = Release|iPhone
		Release|iPhoneSimulator = Release|iPhoneSimulator
	EndGlobalSection
	GlobalSection(ProjectConfigurationPlatforms) = postSolution
		{20839831-948C-42BA-AAF1-75081209E6C5}.Debug|Any CPU.ActiveCfg = Debug|Any CPU
		{20839831-948C-42BA-AAF1-75081209E6C5}.Debug|Any CPU.Build.0 = Debug|Any CPU
		{20839831-948C-42BA-AAF1-75081209E6C5}.Debug|iPhone.ActiveCfg = Debug|Any CPU
		{20839831-948C-42BA-AAF1-75081209E6C5}.Debug|iPhone.Build.0 = Debug|Any CPU
		{20839831-948C-42BA-AAF1-75081209E6C5}.Debug|iPhoneSimulator.ActiveCfg = Debug|Any CPU
		{20839831-948C-42BA-AAF1-75081209E6C5}.Debug|iPhoneSimulator.Build.0 = Debug|Any CPU
		{20839831-948C-42BA-AAF1-75081209E6C5}.Release|Any CPU.ActiveCfg = Release|Any CPU
		{20839831-948C-42BA-AAF1-75081209E6C5}.Release|Any CPU.Build.0 = Release|Any CPU
		{20839831-948C-42BA-AAF1-75081209E6C5}.Release|iPhone.ActiveCfg = Release|Any CPU
		{20839831-948C-42BA-AAF1-75081209E6C5}.Release|iPhone.Build.0 = Release|Any CPU
		{20839831-948C-42BA-AAF1-75081209E6C5}.Release|iPhoneSimulator.ActiveCfg = Release|Any CPU
		{20839831-948C-42BA-AAF1-75081209E6C5}.Release|iPhoneSimulator.Build.0 = Release|Any CPU
		{65DA1C0B-821C-4B90-B7FB-8053547E4870}.Debug|Any CPU.ActiveCfg = Debug|iPhoneSimulator
		{65DA1C0B-821C-4B90-B7FB-8053547E4870}.Debug|Any CPU.Build.0 = Debug|iPhoneSimulator
		{65DA1C0B-821C-4B90-B7FB-8053547E4870}.Debug|iPhone.ActiveCfg = Debug|iPhone
		{65DA1C0B-821C-4B90-B7FB-8053547E4870}.Debug|iPhone.Build.0 = Debug|iPhone
		{65DA1C0B-821C-4B90-B7FB-8053547E4870}.Debug|iPhoneSimulator.ActiveCfg = Debug|iPhoneSimulator
		{65DA1C0B-821C-4B90-B7FB-8053547E4870}.Debug|iPhoneSimulator.Build.0 = Debug|iPhoneSimulator
		{65DA1C0B-821C-4B90-B7FB-8053547E4870}.Release|Any CPU.ActiveCfg = Release|iPhone
		{65DA1C0B-821C-4B90-B7FB-8053547E4870}.Release|Any CPU.Build.0 = Release|iPhone
		{65DA1C0B-821C-4B90-B7FB-8053547E4870}.Release|iPhone.ActiveCfg = Release|iPhone
		{65DA1C0B-821C-4B90-B7FB-8053547E4870}.Release|iPhone.Build.0 = Release|iPhone
		{65DA1C0B-821C-4B90-B7FB-8053547E4870}.Release|iPhoneSimulator.ActiveCfg = Release|iPhoneSimulator
		{65DA1C0B-821C-4B90-B7FB-8053547E4870}.Release|iPhoneSimulator.Build.0 = Release|iPhoneSimulator
		{7032FEC5-BFBB-440E-97B0-139A8E54D1C5}.Debug|Any CPU.ActiveCfg = Debug|Any CPU
		{7032FEC5-BFBB-440E-97B0-139A8E54D1C5}.Debug|Any CPU.Build.0 = Debug|Any CPU
		{7032FEC5-BFBB-440E-97B0-139A8E54D1C5}.Debug|iPhone.ActiveCfg = Debug|Any CPU
		{7032FEC5-BFBB-440E-97B0-139A8E54D1C5}.Debug|iPhone.Build.0 = Debug|Any CPU
		{7032FEC5-BFBB-440E-97B0-139A8E54D1C5}.Debug|iPhoneSimulator.ActiveCfg = Debug|Any CPU
		{7032FEC5-BFBB-440E-97B0-139A8E54D1C5}.Debug|iPhoneSimulator.Build.0 = Debug|Any CPU
		{7032FEC5-BFBB-440E-97B0-139A8E54D1C5}.Release|Any CPU.ActiveCfg = Release|Any CPU
		{7032FEC5-BFBB-440E-97B0-139A8E54D1C5}.Release|Any CPU.Build.0 = Release|Any CPU
		{7032FEC5-BFBB-440E-97B0-139A8E54D1C5}.Release|iPhone.ActiveCfg = Release|Any CPU
		{7032FEC5-BFBB-440E-97B0-139A8E54D1C5}.Release|iPhone.Build.0 = Release|Any CPU
		{7032FEC5-BFBB-440E-97B0-139A8E54D1C5}.Release|iPhoneSimulator.ActiveCfg = Release|Any CPU
		{7032FEC5-BFBB-440E-97B0-139A8E54D1C5}.Release|iPhoneSimulator.Build.0 = Release|Any CPU
		{71FCF2BD-F5D4-4D1B-A895-7E7F6967D974}.Debug|Any CPU.ActiveCfg = Debug|Any CPU
		{71FCF2BD-F5D4-4D1B-A895-7E7F6967D974}.Debug|Any CPU.Build.0 = Debug|Any CPU
		{71FCF2BD-F5D4-4D1B-A895-7E7F6967D974}.Debug|iPhone.ActiveCfg = Debug|Any CPU
		{71FCF2BD-F5D4-4D1B-A895-7E7F6967D974}.Debug|iPhone.Build.0 = Debug|Any CPU
		{71FCF2BD-F5D4-4D1B-A895-7E7F6967D974}.Debug|iPhoneSimulator.ActiveCfg = Debug|Any CPU
		{71FCF2BD-F5D4-4D1B-A895-7E7F6967D974}.Debug|iPhoneSimulator.Build.0 = Debug|Any CPU
		{71FCF2BD-F5D4-4D1B-A895-7E7F6967D974}.Release|Any CPU.ActiveCfg = Release|Any CPU
		{71FCF2BD-F5D4-4D1B-A895-7E7F6967D974}.Release|Any CPU.Build.0 = Release|Any CPU
		{71FCF2BD-F5D4-4D1B-A895-7E7F6967D974}.Release|iPhone.ActiveCfg = Release|Any CPU
		{71FCF2BD-F5D4-4D1B-A895-7E7F6967D974}.Release|iPhone.Build.0 = Release|Any CPU
		{71FCF2BD-F5D4-4D1B-A895-7E7F6967D974}.Release|iPhoneSimulator.ActiveCfg = Release|Any CPU
		{71FCF2BD-F5D4-4D1B-A895-7E7F6967D974}.Release|iPhoneSimulator.Build.0 = Release|Any CPU
		{96A43372-35B3-47EF-A908-793AE3B52EB7}.Debug|Any CPU.ActiveCfg = Debug|Any CPU
		{96A43372-35B3-47EF-A908-793AE3B52EB7}.Debug|Any CPU.Build.0 = Debug|Any CPU
		{96A43372-35B3-47EF-A908-793AE3B52EB7}.Debug|iPhone.ActiveCfg = Debug|Any CPU
		{96A43372-35B3-47EF-A908-793AE3B52EB7}.Debug|iPhone.Build.0 = Debug|Any CPU
		{96A43372-35B3-47EF-A908-793AE3B52EB7}.Debug|iPhoneSimulator.ActiveCfg = Debug|Any CPU
		{96A43372-35B3-47EF-A908-793AE3B52EB7}.Debug|iPhoneSimulator.Build.0 = Debug|Any CPU
		{96A43372-35B3-47EF-A908-793AE3B52EB7}.Release|Any CPU.ActiveCfg = Release|Any CPU
		{96A43372-35B3-47EF-A908-793AE3B52EB7}.Release|Any CPU.Build.0 = Release|Any CPU
		{96A43372-35B3-47EF-A908-793AE3B52EB7}.Release|iPhone.ActiveCfg = Release|Any CPU
		{96A43372-35B3-47EF-A908-793AE3B52EB7}.Release|iPhone.Build.0 = Release|Any CPU
		{96A43372-35B3-47EF-A908-793AE3B52EB7}.Release|iPhoneSimulator.ActiveCfg = Release|Any CPU
		{96A43372-35B3-47EF-A908-793AE3B52EB7}.Release|iPhoneSimulator.Build.0 = Release|Any CPU
		{A5757777-CDFE-43BF-8260-D342BF83B773}.Debug|Any CPU.ActiveCfg = Debug|Any CPU
		{A5757777-CDFE-43BF-8260-D342BF83B773}.Debug|Any CPU.Build.0 = Debug|Any CPU
		{A5757777-CDFE-43BF-8260-D342BF83B773}.Debug|iPhone.ActiveCfg = Debug|Any CPU
		{A5757777-CDFE-43BF-8260-D342BF83B773}.Debug|iPhone.Build.0 = Debug|Any CPU
		{A5757777-CDFE-43BF-8260-D342BF83B773}.Debug|iPhoneSimulator.ActiveCfg = Debug|Any CPU
		{A5757777-CDFE-43BF-8260-D342BF83B773}.Debug|iPhoneSimulator.Build.0 = Debug|Any CPU
		{A5757777-CDFE-43BF-8260-D342BF83B773}.Release|Any CPU.ActiveCfg = Release|Any CPU
		{A5757777-CDFE-43BF-8260-D342BF83B773}.Release|Any CPU.Build.0 = Release|Any CPU
		{A5757777-CDFE-43BF-8260-D342BF83B773}.Release|iPhone.ActiveCfg = Release|Any CPU
		{A5757777-CDFE-43BF-8260-D342BF83B773}.Release|iPhone.Build.0 = Release|Any CPU
		{A5757777-CDFE-43BF-8260-D342BF83B773}.Release|iPhoneSimulator.ActiveCfg = Release|Any CPU
		{A5757777-CDFE-43BF-8260-D342BF83B773}.Release|iPhoneSimulator.Build.0 = Release|Any CPU
		{E1929D98-BF32-47E4-8E1E-897782DAED1F}.Debug|Any CPU.ActiveCfg = Debug|Any CPU
		{E1929D98-BF32-47E4-8E1E-897782DAED1F}.Debug|Any CPU.Build.0 = Debug|Any CPU
		{E1929D98-BF32-47E4-8E1E-897782DAED1F}.Debug|iPhone.ActiveCfg = Debug|Any CPU
		{E1929D98-BF32-47E4-8E1E-897782DAED1F}.Debug|iPhone.Build.0 = Debug|Any CPU
		{E1929D98-BF32-47E4-8E1E-897782DAED1F}.Debug|iPhoneSimulator.ActiveCfg = Debug|Any CPU
		{E1929D98-BF32-47E4-8E1E-897782DAED1F}.Debug|iPhoneSimulator.Build.0 = Debug|Any CPU
		{E1929D98-BF32-47E4-8E1E-897782DAED1F}.Release|Any CPU.ActiveCfg = Release|Any CPU
		{E1929D98-BF32-47E4-8E1E-897782DAED1F}.Release|Any CPU.Build.0 = Release|Any CPU
		{E1929D98-BF32-47E4-8E1E-897782DAED1F}.Release|iPhone.ActiveCfg = Release|Any CPU
		{E1929D98-BF32-47E4-8E1E-897782DAED1F}.Release|iPhone.Build.0 = Release|Any CPU
		{E1929D98-BF32-47E4-8E1E-897782DAED1F}.Release|iPhoneSimulator.ActiveCfg = Release|Any CPU
		{E1929D98-BF32-47E4-8E1E-897782DAED1F}.Release|iPhoneSimulator.Build.0 = Release|Any CPU
	EndGlobalSection
	GlobalSection(NestedProjects) = preSolution
		{3EBFD1C4-63AB-4598-B15A-B2C28BAB5E9A} = {06DF5830-4AC7-488B-9171-A0A9E1F300EC}
		{E1929D98-BF32-47E4-8E1E-897782DAED1F} = {06DF5830-4AC7-488B-9171-A0A9E1F300EC}
		{65DA1C0B-821C-4B90-B7FB-8053547E4870} = {06DF5830-4AC7-488B-9171-A0A9E1F300EC}
		{96A43372-35B3-47EF-A908-793AE3B52EB7} = {06DF5830-4AC7-488B-9171-A0A9E1F300EC}
	EndGlobalSection
	GlobalSection(MonoDevelopProperties) = preSolution
		Policies = $0
		$0.TextStylePolicy = $1
		$1.RemoveTrailingWhitespace = False
		$1.NoTabsAfterNonTabs = True
		$1.inheritsSet = VisualStudio
		$1.inheritsScope = text/plain
		$1.scope = text/x-csharp
		$0.CSharpFormattingPolicy = $2
		$2.SimplePropertyFormatting = ForceNewLine
		$2.AutoPropertyFormatting = ForceOneLine
		$2.IndentPreprocessorDirectives = False
		$2.AnonymousMethodBraceStyle = NextLine
		$2.PropertyBraceStyle = NextLine
		$2.SimpleGetBlockFormatting = ForceOneLine
		$2.SimpleSetBlockFormatting = ForceOneLine
		$2.EventBraceStyle = NextLine
		$2.ArrayInitializerWrapping = DoNotWrap
		$2.ArrayInitializerBraceStyle = NextLine
		$2.BeforeMethodDeclarationParentheses = False
		$2.BeforeMethodCallParentheses = False
		$2.BeforeConstructorDeclarationParentheses = False
		$2.NewLineBeforeConstructorInitializerColon = SameLine
		$2.NewLineAfterConstructorInitializerColon = SameLine
		$2.BeforeIndexerDeclarationBracket = False
		$2.BeforeDelegateDeclarationParentheses = False
		$2.NewParentheses = False
		$2.IfParentheses = False
		$2.WhileParentheses = False
		$2.ForParentheses = False
		$2.ForeachParentheses = False
		$2.CatchParentheses = False
		$2.SwitchParentheses = False
		$2.LockParentheses = False
		$2.UsingParentheses = False
		$2.SpacesBeforeBrackets = False
		$2.MethodCallArgumentWrapping = DoNotWrap
		$2.NewLineAferMethodCallOpenParentheses = SameLine
		$2.MethodCallClosingParenthesesOnNewLine = SameLine
		$2.MethodDeclarationParameterWrapping = DoNotWrap
		$2.NewLineAferMethodDeclarationOpenParentheses = SameLine
		$2.MethodDeclarationClosingParenthesesOnNewLine = SameLine
		$2.IndexerDeclarationParameterWrapping = DoNotWrap
		$2.NewLineAferIndexerDeclarationOpenBracket = SameLine
		$2.IndexerDeclarationClosingBracketOnNewLine = SameLine
		$2.IndexerArgumentWrapping = DoNotWrap
		$2.NewLineAferIndexerOpenBracket = SameLine
		$2.IndexerClosingBracketOnNewLine = SameLine
		$2.inheritsSet = Mono
		$2.inheritsScope = text/x-csharp
		$2.scope = text/x-csharp
	EndGlobalSection
	GlobalSection(SharedMSBuildProjectFiles) = preSolution
		cbforest-sharp.Shared\cbforest-sharp.Shared.projitems*{20839831-948c-42ba-aaf1-75081209e6c5}*SharedItemsImports = 4
		Tests\cbforest-sharp-tests.Shared\cbforest-sharp-tests.Shared.projitems*{e1929d98-bf32-47e4-8e1e-897782daed1f}*SharedItemsImports = 4
		Tests\cbforest-sharp-tests.Shared\cbforest-sharp-tests.Shared.projitems*{3ebfd1c4-63ab-4598-b15a-b2c28bab5e9a}*SharedItemsImports = 13
		cbforest-sharp.Shared\cbforest-sharp.Shared.projitems*{0bfc8b40-0659-4d45-b111-7cb4ccd22991}*SharedItemsImports = 13
	EndGlobalSection
	GlobalSection(SolutionProperties) = preSolution
		HideSolutionNode = FALSE
	EndGlobalSection
EndGlobal
