<?xml version="1.0" encoding="utf-8"?>
<Project ToolsVersion="4.0" xmlns="http://schemas.microsoft.com/developer/msbuild/2003">
  <ItemGroup>
    <Filter Include="Source Files">
      <UniqueIdentifier>{4FC737F1-C7A5-4376-A066-2A32D752A2FF}</UniqueIdentifier>
      <Extensions>cpp;c;cc;cxx;def;odl;idl;hpj;bat;asm;asmx</Extensions>
    </Filter>
    <Filter Include="Header Files">
      <UniqueIdentifier>{93995380-89BD-4b04-88EB-625FBE52EBFB}</UniqueIdentifier>
      <Extensions>h;hh;hpp;hxx;hm;inl;inc;xsd</Extensions>
    </Filter>
    <Filter Include="Resource Files">
      <UniqueIdentifier>{67DA6AB6-F800-4c08-8B7A-83BB121AAD01}</UniqueIdentifier>
      <Extensions>rc;ico;cur;bmp;dlg;rc2;rct;bin;rgs;gif;jpg;jpeg;jpe;resx;tiff;tif;png;wav;mfcribbon-ms</Extensions>
    </Filter>
  </ItemGroup>
  <ItemGroup>
    <ClInclude Include="..\CBForest\varint.hh">
      <Filter>Header Files</Filter>
    </ClInclude>
    <ClInclude Include="..\CBForest\CBForest.hh">
      <Filter>Header Files</Filter>
    </ClInclude>
    <ClInclude Include="..\CBForest\Collatable.hh">
      <Filter>Header Files</Filter>
    </ClInclude>
    <ClInclude Include="..\CBForest\Database.hh">
      <Filter>Header Files</Filter>
    </ClInclude>
    <ClInclude Include="..\CBForest\DocEnumerator.hh">
      <Filter>Header Files</Filter>
    </ClInclude>
    <ClInclude Include="..\CBForest\Document.hh">
      <Filter>Header Files</Filter>
    </ClInclude>
    <ClInclude Include="..\CBForest\english_stopwords.h">
      <Filter>Header Files</Filter>
    </ClInclude>
    <ClInclude Include="..\CBForest\Error.hh">
      <Filter>Header Files</Filter>
    </ClInclude>
    <ClInclude Include="..\CBForest\Geohash.hh">
      <Filter>Header Files</Filter>
    </ClInclude>
    <ClInclude Include="..\CBForest\GeoIndex.hh">
      <Filter>Header Files</Filter>
    </ClInclude>
    <ClInclude Include="..\CBForest\Index.hh">
      <Filter>Header Files</Filter>
    </ClInclude>
    <ClInclude Include="..\CBForest\KeyStore.hh">
      <Filter>Header Files</Filter>
    </ClInclude>
    <ClInclude Include="..\CBForest\LogInternal.hh">
      <Filter>Header Files</Filter>
    </ClInclude>
    <ClInclude Include="..\CBForest\MapReduceIndex.hh">
      <Filter>Header Files</Filter>
    </ClInclude>
    <ClInclude Include="..\CBForest\RevID.hh">
      <Filter>Header Files</Filter>
    </ClInclude>
    <ClInclude Include="..\CBForest\RevTree.hh">
      <Filter>Header Files</Filter>
    </ClInclude>
    <ClInclude Include="..\CBForest\slice.hh">
      <Filter>Header Files</Filter>
    </ClInclude>
    <ClInclude Include="..\CBForest\Tokenizer.hh">
      <Filter>Header Files</Filter>
    </ClInclude>
    <ClInclude Include="sqlite3.h">
      <Filter>Header Files</Filter>
    </ClInclude>
    <ClInclude Include="memmem.h">
      <Filter>Header Files</Filter>
    </ClInclude>
    <ClInclude Include="asprintf.h">
      <Filter>Header Files</Filter>
    </ClInclude>
  </ItemGroup>
  <ItemGroup>
    <ClCompile Include="..\CBForest\VersionedDocument.cc">
      <Filter>Source Files</Filter>
    </ClCompile>
    <ClCompile Include="..\CBForest\Collatable.cc">
      <Filter>Source Files</Filter>
    </ClCompile>
    <ClCompile Include="..\CBForest\Database.cc">
      <Filter>Source Files</Filter>
    </ClCompile>
    <ClCompile Include="..\CBForest\DocEnumerator.cc">
      <Filter>Source Files</Filter>
    </ClCompile>
    <ClCompile Include="..\CBForest\Document.cc">
      <Filter>Source Files</Filter>
    </ClCompile>
    <ClCompile Include="..\CBForest\Geohash.cc">
      <Filter>Source Files</Filter>
    </ClCompile>
    <ClCompile Include="..\CBForest\GeoIndex.cc">
      <Filter>Source Files</Filter>
    </ClCompile>
    <ClCompile Include="..\CBForest\Index.cc">
      <Filter>Source Files</Filter>
    </ClCompile>
    <ClCompile Include="..\CBForest\KeyStore.cc">
      <Filter>Source Files</Filter>
    </ClCompile>
    <ClCompile Include="..\CBForest\MapReduceIndex.cc">
      <Filter>Source Files</Filter>
    </ClCompile>
    <ClCompile Include="..\CBForest\RevID.cc">
      <Filter>Source Files</Filter>
    </ClCompile>
    <ClCompile Include="..\CBForest\RevTree.cc">
      <Filter>Source Files</Filter>
    </ClCompile>
    <ClCompile Include="..\CBForest\slice.cc">
      <Filter>Source Files</Filter>
    </ClCompile>
    <ClCompile Include="..\CBForest\Tokenizer.cc">
      <Filter>Source Files</Filter>
    </ClCompile>
    <ClCompile Include="..\CBForest\varint.cc">
      <Filter>Source Files</Filter>
    </ClCompile>
    <ClCompile Include="memmem.c">
      <Filter>Source Files</Filter>
    </ClCompile>
    <ClCompile Include="asprintf.c">
      <Filter>Source Files</Filter>
    </ClCompile>
    <ClCompile Include="vasprintf-msvc.c">
      <Filter>Source Files</Filter>
    </ClCompile>
  </ItemGroup>
</Project>