
Microsoft Visual Studio Solution File, Format Version 12.00
# Visual Studio 14
VisualStudioVersion = 14.0.23107.0
MinimumVisualStudioVersion = 10.0.40219.1
Project("{8BC9CEB8-8B4A-11D0-8D11-00A0C91BC942}") = "CBForest.VS2015", "CBForest.VS2015.vcxproj", "{F1A2DEDF-6C9A-4335-B7CB-91B83EA78100}"
EndProject
Project("{8BC9CEB8-8B4A-11D0-8D11-00A0C91BC942}") = "Tokenizer", "..\vendor\sqlite3-unicodesn\Tokenizer\Tokenizer.vcxproj", "{BBC005DD-2AA9-4C05-870D-6BB5FB4221E6}"
EndProject
Project("{8BC9CEB8-8B4A-11D0-8D11-00A0C91BC942}") = "ForestDB", "ForestDB\ForestDB.vcxproj", "{E21F8412-3FBA-4B63-87E7-E3271E327F9E}"
EndProject
Project("{8BC9CEB8-8B4A-11D0-8D11-00A0C91BC942}") = "CppTests", "..\CppTests\CppTests\CppTests.vcxproj", "{48A735B4-DF94-4292-ACD9-688B723B6034}"
EndProject
Global
	GlobalSection(SolutionConfigurationPlatforms) = preSolution
		Debug|x64 = Debug|x64
		Debug|x86 = Debug|x86
		MinSizeRel|x64 = MinSizeRel|x64
		MinSizeRel|x86 = MinSizeRel|x86
		Release|x64 = Release|x64
		Release|x86 = Release|x86
		RelWithDebInfo|x64 = RelWithDebInfo|x64
		RelWithDebInfo|x86 = RelWithDebInfo|x86
	EndGlobalSection
	GlobalSection(ProjectConfigurationPlatforms) = postSolution
		{F1A2DEDF-6C9A-4335-B7CB-91B83EA78100}.Debug|x64.ActiveCfg = Debug|x64
		{F1A2DEDF-6C9A-4335-B7CB-91B83EA78100}.Debug|x64.Build.0 = Debug|x64
		{F1A2DEDF-6C9A-4335-B7CB-91B83EA78100}.Debug|x86.ActiveCfg = Debug|Win32
		{F1A2DEDF-6C9A-4335-B7CB-91B83EA78100}.Debug|x86.Build.0 = Debug|Win32
		{F1A2DEDF-6C9A-4335-B7CB-91B83EA78100}.MinSizeRel|x64.ActiveCfg = Release|x64
		{F1A2DEDF-6C9A-4335-B7CB-91B83EA78100}.MinSizeRel|x64.Build.0 = Release|x64
		{F1A2DEDF-6C9A-4335-B7CB-91B83EA78100}.MinSizeRel|x86.ActiveCfg = Release|Win32
		{F1A2DEDF-6C9A-4335-B7CB-91B83EA78100}.MinSizeRel|x86.Build.0 = Release|Win32
		{F1A2DEDF-6C9A-4335-B7CB-91B83EA78100}.Release|x64.ActiveCfg = Release|x64
		{F1A2DEDF-6C9A-4335-B7CB-91B83EA78100}.Release|x64.Build.0 = Release|x64
		{F1A2DEDF-6C9A-4335-B7CB-91B83EA78100}.Release|x86.ActiveCfg = Release|Win32
		{F1A2DEDF-6C9A-4335-B7CB-91B83EA78100}.Release|x86.Build.0 = Release|Win32
		{F1A2DEDF-6C9A-4335-B7CB-91B83EA78100}.RelWithDebInfo|x64.ActiveCfg = Release|x64
		{F1A2DEDF-6C9A-4335-B7CB-91B83EA78100}.RelWithDebInfo|x64.Build.0 = Release|x64
		{F1A2DEDF-6C9A-4335-B7CB-91B83EA78100}.RelWithDebInfo|x86.ActiveCfg = Release|Win32
		{F1A2DEDF-6C9A-4335-B7CB-91B83EA78100}.RelWithDebInfo|x86.Build.0 = Release|Win32
		{BBC005DD-2AA9-4C05-870D-6BB5FB4221E6}.Debug|x64.ActiveCfg = Debug|x64
		{BBC005DD-2AA9-4C05-870D-6BB5FB4221E6}.Debug|x64.Build.0 = Debug|x64
		{BBC005DD-2AA9-4C05-870D-6BB5FB4221E6}.Debug|x86.ActiveCfg = Debug|Win32
		{BBC005DD-2AA9-4C05-870D-6BB5FB4221E6}.Debug|x86.Build.0 = Debug|Win32
		{BBC005DD-2AA9-4C05-870D-6BB5FB4221E6}.MinSizeRel|x64.ActiveCfg = Release|x64
		{BBC005DD-2AA9-4C05-870D-6BB5FB4221E6}.MinSizeRel|x64.Build.0 = Release|x64
		{BBC005DD-2AA9-4C05-870D-6BB5FB4221E6}.MinSizeRel|x86.ActiveCfg = Release|Win32
		{BBC005DD-2AA9-4C05-870D-6BB5FB4221E6}.MinSizeRel|x86.Build.0 = Release|Win32
		{BBC005DD-2AA9-4C05-870D-6BB5FB4221E6}.Release|x64.ActiveCfg = Release|x64
		{BBC005DD-2AA9-4C05-870D-6BB5FB4221E6}.Release|x64.Build.0 = Release|x64
		{BBC005DD-2AA9-4C05-870D-6BB5FB4221E6}.Release|x86.ActiveCfg = Release|Win32
		{BBC005DD-2AA9-4C05-870D-6BB5FB4221E6}.Release|x86.Build.0 = Release|Win32
		{BBC005DD-2AA9-4C05-870D-6BB5FB4221E6}.RelWithDebInfo|x64.ActiveCfg = Release|x64
		{BBC005DD-2AA9-4C05-870D-6BB5FB4221E6}.RelWithDebInfo|x64.Build.0 = Release|x64
		{BBC005DD-2AA9-4C05-870D-6BB5FB4221E6}.RelWithDebInfo|x86.ActiveCfg = Release|Win32
		{BBC005DD-2AA9-4C05-870D-6BB5FB4221E6}.RelWithDebInfo|x86.Build.0 = Release|Win32
		{E21F8412-3FBA-4B63-87E7-E3271E327F9E}.Debug|x64.ActiveCfg = Debug|x64
		{E21F8412-3FBA-4B63-87E7-E3271E327F9E}.Debug|x64.Build.0 = Debug|x64
		{E21F8412-3FBA-4B63-87E7-E3271E327F9E}.Debug|x86.ActiveCfg = Debug|Win32
		{E21F8412-3FBA-4B63-87E7-E3271E327F9E}.Debug|x86.Build.0 = Debug|Win32
		{E21F8412-3FBA-4B63-87E7-E3271E327F9E}.MinSizeRel|x64.ActiveCfg = Release|x64
		{E21F8412-3FBA-4B63-87E7-E3271E327F9E}.MinSizeRel|x64.Build.0 = Release|x64
		{E21F8412-3FBA-4B63-87E7-E3271E327F9E}.MinSizeRel|x86.ActiveCfg = Release|Win32
		{E21F8412-3FBA-4B63-87E7-E3271E327F9E}.MinSizeRel|x86.Build.0 = Release|Win32
		{E21F8412-3FBA-4B63-87E7-E3271E327F9E}.Release|x64.ActiveCfg = Release|x64
		{E21F8412-3FBA-4B63-87E7-E3271E327F9E}.Release|x64.Build.0 = Release|x64
		{E21F8412-3FBA-4B63-87E7-E3271E327F9E}.Release|x86.ActiveCfg = Release|Win32
		{E21F8412-3FBA-4B63-87E7-E3271E327F9E}.Release|x86.Build.0 = Release|Win32
		{E21F8412-3FBA-4B63-87E7-E3271E327F9E}.RelWithDebInfo|x64.ActiveCfg = Release|x64
		{E21F8412-3FBA-4B63-87E7-E3271E327F9E}.RelWithDebInfo|x64.Build.0 = Release|x64
		{E21F8412-3FBA-4B63-87E7-E3271E327F9E}.RelWithDebInfo|x86.ActiveCfg = Release|Win32
		{E21F8412-3FBA-4B63-87E7-E3271E327F9E}.RelWithDebInfo|x86.Build.0 = Release|Win32
		{48A735B4-DF94-4292-ACD9-688B723B6034}.Debug|x64.ActiveCfg = Debug|x64
		{48A735B4-DF94-4292-ACD9-688B723B6034}.Debug|x64.Build.0 = Debug|x64
		{48A735B4-DF94-4292-ACD9-688B723B6034}.Debug|x86.ActiveCfg = Debug|Win32
		{48A735B4-DF94-4292-ACD9-688B723B6034}.Debug|x86.Build.0 = Debug|Win32
		{48A735B4-DF94-4292-ACD9-688B723B6034}.MinSizeRel|x64.ActiveCfg = Release|x64
		{48A735B4-DF94-4292-ACD9-688B723B6034}.MinSizeRel|x64.Build.0 = Release|x64
		{48A735B4-DF94-4292-ACD9-688B723B6034}.MinSizeRel|x86.ActiveCfg = Release|Win32
		{48A735B4-DF94-4292-ACD9-688B723B6034}.MinSizeRel|x86.Build.0 = Release|Win32
		{48A735B4-DF94-4292-ACD9-688B723B6034}.Release|x64.ActiveCfg = Release|x64
		{48A735B4-DF94-4292-ACD9-688B723B6034}.Release|x64.Build.0 = Release|x64
		{48A735B4-DF94-4292-ACD9-688B723B6034}.Release|x86.ActiveCfg = Release|Win32
		{48A735B4-DF94-4292-ACD9-688B723B6034}.Release|x86.Build.0 = Release|Win32
		{48A735B4-DF94-4292-ACD9-688B723B6034}.RelWithDebInfo|x64.ActiveCfg = Release|x64
		{48A735B4-DF94-4292-ACD9-688B723B6034}.RelWithDebInfo|x64.Build.0 = Release|x64
		{48A735B4-DF94-4292-ACD9-688B723B6034}.RelWithDebInfo|x86.ActiveCfg = Release|Win32
		{48A735B4-DF94-4292-ACD9-688B723B6034}.RelWithDebInfo|x86.Build.0 = Release|Win32
	EndGlobalSection
	GlobalSection(SolutionProperties) = preSolution
		HideSolutionNode = FALSE
	EndGlobalSection
EndGlobal
