<?xml version="1.0" encoding="utf-8"?>
<Project ToolsVersion="4.0" xmlns="http://schemas.microsoft.com/developer/msbuild/2003">
  <ItemGroup>
    <Filter Include="Source Files">
      <UniqueIdentifier>{4FC737F1-C7A5-4376-A066-2A32D752A2FF}</UniqueIdentifier>
      <Extensions>cpp;c;cc;cxx;def;odl;idl;hpj;bat;asm;asmx</Extensions>
    </Filter>
    <Filter Include="Header Files">
      <UniqueIdentifier>{93995380-89BD-4b04-88EB-625FBE52EBFB}</UniqueIdentifier>
      <Extensions>h;hh;hpp;hxx;hm;inl;inc;xsd</Extensions>
    </Filter>
    <Filter Include="Resource Files">
      <UniqueIdentifier>{67DA6AB6-F800-4c08-8B7A-83BB121AAD01}</UniqueIdentifier>
      <Extensions>rc;ico;cur;bmp;dlg;rc2;rct;bin;rgs;gif;jpg;jpeg;jpe;resx;tiff;tif;png;wav;mfcribbon-ms</Extensions>
    </Filter>
  </ItemGroup>
  <ItemGroup>
    <ClCompile Include="..\CBForest\VersionedDocument.cc">
      <Filter>Source Files</Filter>
    </ClCompile>
    <ClCompile Include="..\CBForest\Collatable.cc">
      <Filter>Source Files</Filter>
    </ClCompile>
    <ClCompile Include="..\CBForest\Database.cc">
      <Filter>Source Files</Filter>
    </ClCompile>
    <ClCompile Include="..\CBForest\DocEnumerator.cc">
      <Filter>Source Files</Filter>
    </ClCompile>
    <ClCompile Include="..\CBForest\Document.cc">
      <Filter>Source Files</Filter>
    </ClCompile>
    <ClCompile Include="..\CBForest\Geohash.cc">
      <Filter>Source Files</Filter>
    </ClCompile>
    <ClCompile Include="..\CBForest\GeoIndex.cc">
      <Filter>Source Files</Filter>
    </ClCompile>
    <ClCompile Include="..\CBForest\Index.cc">
      <Filter>Source Files</Filter>
    </ClCompile>
    <ClCompile Include="..\CBForest\KeyStore.cc">
      <Filter>Source Files</Filter>
    </ClCompile>
    <ClCompile Include="..\CBForest\MapReduceIndex.cc">
      <Filter>Source Files</Filter>
    </ClCompile>
    <ClCompile Include="..\CBForest\RevID.cc">
      <Filter>Source Files</Filter>
    </ClCompile>
    <ClCompile Include="..\CBForest\RevTree.cc">
      <Filter>Source Files</Filter>
    </ClCompile>
    <ClCompile Include="..\CBForest\slice.cc">
      <Filter>Source Files</Filter>
    </ClCompile>
    <ClCompile Include="..\CBForest\Tokenizer.cc">
      <Filter>Source Files</Filter>
    </ClCompile>
    <ClCompile Include="..\CBForest\varint.cc">
      <Filter>Source Files</Filter>
    </ClCompile>
    <ClCompile Include="asprintf.c">
      <Filter>Source Files</Filter>
    </ClCompile>
    <ClCompile Include="vasprintf-msvc.c">
      <Filter>Source Files</Filter>
    </ClCompile>
    <ClCompile Include="memmem.cc">
      <Filter>Source Files</Filter>
    </ClCompile>
    <ClCompile Include="..\C\c4.c">
      <Filter>Source Files</Filter>
    </ClCompile>
    <ClCompile Include="..\C\c4Database.cc">
      <Filter>Source Files</Filter>
    </ClCompile>
    <ClCompile Include="..\C\c4View.cc">
      <Filter>Source Files</Filter>
    </ClCompile>
    <ClCompile Include="..\vendor\forestdb\src\api_wrapper.cc">
      <Filter>Source Files</Filter>
    </ClCompile>
    <ClCompile Include="..\vendor\forestdb\src\avltree.cc">
      <Filter>Source Files</Filter>
    </ClCompile>
    <ClCompile Include="..\vendor\forestdb\src\blockcache.cc">
      <Filter>Source Files</Filter>
    </ClCompile>
    <ClCompile Include="..\vendor\forestdb\src\btree.cc">
      <Filter>Source Files</Filter>
    </ClCompile>
    <ClCompile Include="..\vendor\forestdb\src\btree_fast_str_kv.cc">
      <Filter>Source Files</Filter>
    </ClCompile>
    <ClCompile Include="..\vendor\forestdb\src\btree_kv.cc">
      <Filter>Source Files</Filter>
    </ClCompile>
    <ClCompile Include="..\vendor\forestdb\src\btree_str_kv.cc">
      <Filter>Source Files</Filter>
    </ClCompile>
    <ClCompile Include="..\vendor\forestdb\src\btreeblock.cc">
      <Filter>Source Files</Filter>
    </ClCompile>
    <ClCompile Include="..\vendor\forestdb\src\compactor.cc">
      <Filter>Source Files</Filter>
    </ClCompile>
    <ClCompile Include="..\vendor\forestdb\src\configuration.cc">
      <Filter>Source Files</Filter>
    </ClCompile>
    <ClCompile Include="..\vendor\forestdb\utils\crc32.cc">
      <Filter>Source Files</Filter>
    </ClCompile>
    <ClCompile Include="..\vendor\forestdb\utils\debug.cc">
      <Filter>Source Files</Filter>
    </ClCompile>
    <ClCompile Include="..\vendor\forestdb\src\docio.cc">
      <Filter>Source Files</Filter>
    </ClCompile>
    <ClCompile Include="..\vendor\forestdb\src\fdb_errors.cc">
      <Filter>Source Files</Filter>
    </ClCompile>
    <ClCompile Include="..\vendor\forestdb\src\filemgr.cc">
      <Filter>Source Files</Filter>
    </ClCompile>
    <ClCompile Include="..\vendor\forestdb\src\filemgr_ops.cc">
      <Filter>Source Files</Filter>
    </ClCompile>
    <ClCompile Include="..\vendor\forestdb\src\filemgr_ops_windows.cc">
      <Filter>Source Files</Filter>
    </ClCompile>
    <ClCompile Include="..\vendor\forestdb\src\forestdb.cc">
      <Filter>Source Files</Filter>
    </ClCompile>
    <ClCompile Include="..\vendor\forestdb\utils\gettimeofday_vs.cc">
      <Filter>Source Files</Filter>
    </ClCompile>
    <ClCompile Include="..\vendor\forestdb\src\hash.cc">
      <Filter>Source Files</Filter>
    </ClCompile>
    <ClCompile Include="..\vendor\forestdb\src\hash_functions.cc">
      <Filter>Source Files</Filter>
    </ClCompile>
    <ClCompile Include="..\vendor\forestdb\src\hbtrie.cc">
      <Filter>Source Files</Filter>
    </ClCompile>
    <ClCompile Include="..\vendor\forestdb\utils\iniparser.cc">
      <Filter>Source Files</Filter>
    </ClCompile>
    <ClCompile Include="..\vendor\forestdb\src\iterator.cc">
      <Filter>Source Files</Filter>
    </ClCompile>
    <ClCompile Include="..\vendor\forestdb\src\kv_instance.cc">
      <Filter>Source Files</Filter>
    </ClCompile>
    <ClCompile Include="..\vendor\forestdb\src\list.cc">
      <Filter>Source Files</Filter>
    </ClCompile>
    <ClCompile Include="..\vendor\forestdb\utils\memleak.cc">
      <Filter>Source Files</Filter>
    </ClCompile>
    <ClCompile Include="..\vendor\forestdb\utils\partiallock.cc">
      <Filter>Source Files</Filter>
    </ClCompile>
    <ClCompile Include="..\vendor\forestdb\src\snapshot.cc">
      <Filter>Source Files</Filter>
    </ClCompile>
    <ClCompile Include="..\vendor\forestdb\utils\system_resource_stats.cc">
      <Filter>Source Files</Filter>
    </ClCompile>
    <ClCompile Include="..\vendor\forestdb\utils\time_utils.cc">
      <Filter>Source Files</Filter>
    </ClCompile>
    <ClCompile Include="..\vendor\forestdb\src\transaction.cc">
      <Filter>Source Files</Filter>
    </ClCompile>
    <ClCompile Include="..\vendor\forestdb\src\wal.cc">
      <Filter>Source Files</Filter>
    </ClCompile>
    <ClCompile Include="..\vendor\sqlite3-unicodesn\libstemmer_c\runtime\api_sq3.c">
      <Filter>Source Files</Filter>
    </ClCompile>
    <ClCompile Include="..\vendor\sqlite3-unicodesn\extension.c">
      <Filter>Source Files</Filter>
    </ClCompile>
    <ClCompile Include="..\vendor\sqlite3-unicodesn\fts3_unicode2.c">
      <Filter>Source Files</Filter>
    </ClCompile>
    <ClCompile Include="..\vendor\sqlite3-unicodesn\fts3_unicodesn.c">
      <Filter>Source Files</Filter>
    </ClCompile>
    <ClCompile Include="..\vendor\sqlite3-unicodesn\libstemmer_c\src_c\stem_UTF_8_danish.c">
      <Filter>Source Files</Filter>
    </ClCompile>
    <ClCompile Include="..\vendor\sqlite3-unicodesn\libstemmer_c\src_c\stem_UTF_8_dutch.c">
      <Filter>Source Files</Filter>
    </ClCompile>
    <ClCompile Include="..\vendor\sqlite3-unicodesn\libstemmer_c\src_c\stem_UTF_8_english.c">
      <Filter>Source Files</Filter>
    </ClCompile>
    <ClCompile Include="..\vendor\sqlite3-unicodesn\libstemmer_c\src_c\stem_UTF_8_finnish.c">
      <Filter>Source Files</Filter>
    </ClCompile>
    <ClCompile Include="..\vendor\sqlite3-unicodesn\libstemmer_c\src_c\stem_UTF_8_french.c">
      <Filter>Source Files</Filter>
    </ClCompile>
    <ClCompile Include="..\vendor\sqlite3-unicodesn\libstemmer_c\src_c\stem_UTF_8_german.c">
      <Filter>Source Files</Filter>
    </ClCompile>
    <ClCompile Include="..\vendor\sqlite3-unicodesn\libstemmer_c\src_c\stem_UTF_8_hungarian.c">
      <Filter>Source Files</Filter>
    </ClCompile>
    <ClCompile Include="..\vendor\sqlite3-unicodesn\libstemmer_c\src_c\stem_UTF_8_italian.c">
      <Filter>Source Files</Filter>
    </ClCompile>
    <ClCompile Include="..\vendor\sqlite3-unicodesn\libstemmer_c\src_c\stem_UTF_8_norwegian.c">
      <Filter>Source Files</Filter>
    </ClCompile>
    <ClCompile Include="..\vendor\sqlite3-unicodesn\libstemmer_c\src_c\stem_UTF_8_porter.c">
      <Filter>Source Files</Filter>
    </ClCompile>
    <ClCompile Include="..\vendor\sqlite3-unicodesn\libstemmer_c\src_c\stem_UTF_8_portuguese.c">
      <Filter>Source Files</Filter>
    </ClCompile>
    <ClCompile Include="..\vendor\sqlite3-unicodesn\libstemmer_c\src_c\stem_UTF_8_romanian.c">
      <Filter>Source Files</Filter>
    </ClCompile>
    <ClCompile Include="..\vendor\sqlite3-unicodesn\libstemmer_c\src_c\stem_UTF_8_russian.c">
      <Filter>Source Files</Filter>
    </ClCompile>
    <ClCompile Include="..\vendor\sqlite3-unicodesn\libstemmer_c\src_c\stem_UTF_8_spanish.c">
      <Filter>Source Files</Filter>
    </ClCompile>
    <ClCompile Include="..\vendor\sqlite3-unicodesn\libstemmer_c\src_c\stem_UTF_8_swedish.c">
      <Filter>Source Files</Filter>
    </ClCompile>
    <ClCompile Include="..\vendor\sqlite3-unicodesn\libstemmer_c\src_c\stem_UTF_8_turkish.c">
      <Filter>Source Files</Filter>
    </ClCompile>
    <ClCompile Include="..\vendor\sqlite3-unicodesn\libstemmer_c\runtime\utilities_sq3.c">
      <Filter>Source Files</Filter>
    </ClCompile>
    <ClCompile Include="..\vendor\snappy\snappy-sinksource.cc">
      <Filter>Source Files</Filter>
    </ClCompile>
    <ClCompile Include="..\vendor\snappy\snappy-stubs-internal.cc">
      <Filter>Source Files</Filter>
    </ClCompile>
    <ClCompile Include="..\vendor\snappy\snappy-c.cc">
      <Filter>Source Files</Filter>
    </ClCompile>
    <ClCompile Include="..\vendor\snappy\snappy.cc">
      <Filter>Source Files</Filter>
    </ClCompile>
    <ClCompile Include="..\vendor\forestdb\src\version.cc">
      <Filter>Source Files</Filter>
    </ClCompile>
    <ClCompile Include="..\vendor\forestdb\src\checksum.cc">
      <Filter>Source Files</Filter>
    </ClCompile>
    <ClCompile Include="..\vendor\forestdb\src\bgflusher.cc">
      <Filter>Source Files</Filter>
    </ClCompile>
    <ClCompile Include="..\CBForest\sqlite_glue.c">
      <Filter>Source Files</Filter>
    </ClCompile>
    <ClCompile Include="..\vendor\forestdb\src\encryption.cc">
      <Filter>Source Files</Filter>
    </ClCompile>
    <ClCompile Include="..\vendor\forestdb\src\encryption_aes.cc">
      <Filter>Source Files</Filter>
    </ClCompile>
    <ClCompile Include="..\vendor\forestdb\src\encryption_bogus.cc">
      <Filter>Source Files</Filter>
    </ClCompile>
    <ClCompile Include="..\vendor\forestdb\src\staleblock.cc">
      <Filter>Source Files</Filter>
    </ClCompile>
    <ClCompile Include="..\C\c4Document.cc">
      <Filter>Source Files</Filter>
    </ClCompile>
    <ClCompile Include="..\C\c4Key.cc">
      <Filter>Source Files</Filter>
    </ClCompile>
    <ClCompile Include="..\C\c4DocEnumerator.cc">
      <Filter>Source Files</Filter>
    </ClCompile>
    <ClCompile Include="..\CBForest\FullTextIndex.cc">
      <Filter>Source Files</Filter>
    </ClCompile>
    <ClCompile Include="..\CBForest\Error.cc">
      <Filter>Source Files</Filter>
    </ClCompile>
    <ClCompile Include="..\C\c4ExpiryEnumerator.cc">
      <Filter>Source Files</Filter>
    </ClCompile>
  </ItemGroup>
</Project>