// !$*UTF8*$!
{
	archiveVersion = 1;
	classes = {
	};
	objectVersion = 46;
	objects = {

/* Begin PBXBuildFile section */
		2726F62F207E9F0B007F2D02 /* Batcher.hh in Headers */ = {isa = PBXBuildFile; fileRef = 2726F62D207E9F0B007F2D02 /* Batcher.hh */; };
		272850731E95BCCF009CA22F /* MessageOut.cc in Sources */ = {isa = PBXBuildFile; fileRef = 272850711E95BCCF009CA22F /* MessageOut.cc */; };
		272850741E95BCCF009CA22F /* MessageOut.hh in Headers */ = {isa = PBXBuildFile; fileRef = 272850721E95BCCF009CA22F /* MessageOut.hh */; };
		272850F81EA022B5009CA22F /* GCDMailbox.cc in Sources */ = {isa = PBXBuildFile; fileRef = 272850F61EA022B5009CA22F /* GCDMailbox.cc */; };
		272850F91EA022B5009CA22F /* GCDMailbox.hh in Headers */ = {isa = PBXBuildFile; fileRef = 272850F71EA022B5009CA22F /* GCDMailbox.hh */; };
		272850FC1EA02B49009CA22F /* ThreadedMailbox.cc in Sources */ = {isa = PBXBuildFile; fileRef = 272850FA1EA02B49009CA22F /* ThreadedMailbox.cc */; };
		272850FD1EA02B49009CA22F /* ThreadedMailbox.hh in Headers */ = {isa = PBXBuildFile; fileRef = 272850FB1EA02B49009CA22F /* ThreadedMailbox.hh */; };
		27491C921E7AFCED001DC54B /* WebSocketImpl.cc in Sources */ = {isa = PBXBuildFile; fileRef = 27491C8F1E7AFCED001DC54B /* WebSocketImpl.cc */; };
		27491C941E7AFCED001DC54B /* WebSocketProtocol.hh in Headers */ = {isa = PBXBuildFile; fileRef = 27491C911E7AFCED001DC54B /* WebSocketProtocol.hh */; };
		27491CA11E7B417C001DC54B /* WebSocketImpl.hh in Headers */ = {isa = PBXBuildFile; fileRef = 27491CA01E7B417C001DC54B /* WebSocketImpl.hh */; };
		275CE0E01E57A5650084E014 /* libFleece.a in Frameworks */ = {isa = PBXBuildFile; fileRef = 275CE0DF1E57A5650084E014 /* libFleece.a */; };
		2773FD011E69FD9100108780 /* Timer.cc in Sources */ = {isa = PBXBuildFile; fileRef = 2773FCFF1E69FD9100108780 /* Timer.cc */; };
		2773FD021E69FD9100108780 /* Timer.hh in Headers */ = {isa = PBXBuildFile; fileRef = 2773FD001E69FD9100108780 /* Timer.hh */; };
		2773FD051E69FE2000108780 /* ActorProperty.cc in Sources */ = {isa = PBXBuildFile; fileRef = 2773FD031E69FE2000108780 /* ActorProperty.cc */; };
		2773FD061E69FE2000108780 /* ActorProperty.hh in Headers */ = {isa = PBXBuildFile; fileRef = 2773FD041E69FE2000108780 /* ActorProperty.hh */; };
		2799762C1E944B2F00B27639 /* MessageBuilder.hh in Headers */ = {isa = PBXBuildFile; fileRef = 2799762A1E944B2F00B27639 /* MessageBuilder.hh */; };
		2799762E1E94509000B27639 /* MessageBuilder.cc in Sources */ = {isa = PBXBuildFile; fileRef = 2799762D1E94509000B27639 /* MessageBuilder.cc */; };
		279976301E94518200B27639 /* BLIP.hh in Headers */ = {isa = PBXBuildFile; fileRef = 2799762F1E94518200B27639 /* BLIP.hh */; };
		27AE22BA1FBE559100C40EB9 /* Codec.hh in Headers */ = {isa = PBXBuildFile; fileRef = 27AE22B81FBE559100C40EB9 /* Codec.hh */; };
		27AE22BB1FBE559100C40EB9 /* Codec.cc in Sources */ = {isa = PBXBuildFile; fileRef = 27AE22B91FBE559100C40EB9 /* Codec.cc */; };
		27CCC7A91E524F0B00CE1989 /* Logging.cc in Sources */ = {isa = PBXBuildFile; fileRef = 27CCC7A51E524F0B00CE1989 /* Logging.cc */; };
		27CCC7AA1E524F0B00CE1989 /* Logging.hh in Headers */ = {isa = PBXBuildFile; fileRef = 27CCC7A61E524F0B00CE1989 /* Logging.hh */; };
		27CCC7AB1E524F0B00CE1989 /* PlatformIO.cc in Sources */ = {isa = PBXBuildFile; fileRef = 27CCC7A71E524F0B00CE1989 /* PlatformIO.cc */; };
		27CCC7AC1E524F0B00CE1989 /* PlatformIO.hh in Headers */ = {isa = PBXBuildFile; fileRef = 27CCC7A81E524F0B00CE1989 /* PlatformIO.hh */; };
		27CCC7B31E5251C900CE1989 /* libevent_core.a in Frameworks */ = {isa = PBXBuildFile; fileRef = 27CCC7AD1E524F8000CE1989 /* libevent_core.a */; };
		27CCC7B41E5251CC00CE1989 /* libevent_pthreads.a in Frameworks */ = {isa = PBXBuildFile; fileRef = 27CCC7B11E524FB500CE1989 /* libevent_pthreads.a */; };
		27CCC7B51E5251CE00CE1989 /* libevent_extra.a in Frameworks */ = {isa = PBXBuildFile; fileRef = 27CCC7AF1E524FA200CE1989 /* libevent_extra.a */; };
		27CE4CF9207BCC7F00ACA225 /* WebSocketInterface.cc in Sources */ = {isa = PBXBuildFile; fileRef = 27CE4CF8207BCC7F00ACA225 /* WebSocketInterface.cc */; };
		27DF27F120851FFD007FD912 /* Actor.cc in Sources */ = {isa = PBXBuildFile; fileRef = 27DF27F020851FFD007FD912 /* Actor.cc */; };
		27EF69DD1E28260D004748DF /* Message.cc in Sources */ = {isa = PBXBuildFile; fileRef = 27EF69D11E28260D004748DF /* Message.cc */; };
		27EF69DF1E28260D004748DF /* BLIPConnection.cc in Sources */ = {isa = PBXBuildFile; fileRef = 27EF69D31E28260D004748DF /* BLIPConnection.cc */; };
		27EF69E21E28260D004748DF /* BLIPInternal.hh in Headers */ = {isa = PBXBuildFile; fileRef = 27EF69D61E28260D004748DF /* BLIPInternal.hh */; };
		27EF69E91E282662004748DF /* BLIPConnection.hh in Headers */ = {isa = PBXBuildFile; fileRef = 27EF69E41E282662004748DF /* BLIPConnection.hh */; };
		27EF69EA1E282662004748DF /* BLIPProtocol.hh in Headers */ = {isa = PBXBuildFile; fileRef = 27EF69E51E282662004748DF /* BLIPProtocol.hh */; };
		27EF69EC1E282662004748DF /* Message.hh in Headers */ = {isa = PBXBuildFile; fileRef = 27EF69E71E282662004748DF /* Message.hh */; };
		27EF69ED1E282662004748DF /* WebSocketInterface.hh in Headers */ = {isa = PBXBuildFile; fileRef = 27EF69E81E282662004748DF /* WebSocketInterface.hh */; };
		27EF6A521E2857F7004748DF /* slice.cc in Sources */ = {isa = PBXBuildFile; fileRef = 27EF6A4C1E2857F7004748DF /* slice.cc */; };
		27EF6A531E2857F7004748DF /* slice.hh in Headers */ = {isa = PBXBuildFile; fileRef = 27EF6A4D1E2857F7004748DF /* slice.hh */; };
		27EF6A541E2857F7004748DF /* varint.cc in Sources */ = {isa = PBXBuildFile; fileRef = 27EF6A4E1E2857F7004748DF /* varint.cc */; };
		27EF6A551E2857F7004748DF /* varint.hh in Headers */ = {isa = PBXBuildFile; fileRef = 27EF6A4F1E2857F7004748DF /* varint.hh */; };
		27EF6A561E2857F7004748DF /* Writer.cc in Sources */ = {isa = PBXBuildFile; fileRef = 27EF6A501E2857F7004748DF /* Writer.cc */; };
		27EF6A571E2857F7004748DF /* Writer.hh in Headers */ = {isa = PBXBuildFile; fileRef = 27EF6A511E2857F7004748DF /* Writer.hh */; };
		27EF6A5E1E28587A004748DF /* cdecode.c in Sources */ = {isa = PBXBuildFile; fileRef = 27EF6A581E28587A004748DF /* cdecode.c */; };
		27EF6A5F1E28587A004748DF /* cdecode.h in Headers */ = {isa = PBXBuildFile; fileRef = 27EF6A591E28587A004748DF /* cdecode.h */; };
		27EF6A601E28587A004748DF /* cencode.c in Sources */ = {isa = PBXBuildFile; fileRef = 27EF6A5A1E28587A004748DF /* cencode.c */; };
		27EF6A611E28587A004748DF /* cencode.h in Headers */ = {isa = PBXBuildFile; fileRef = 27EF6A5B1E28587A004748DF /* cencode.h */; };
		27EF6A621E28587A004748DF /* decode.h in Headers */ = {isa = PBXBuildFile; fileRef = 27EF6A5C1E28587A004748DF /* decode.h */; };
		27EF6A631E28587A004748DF /* encode.h in Headers */ = {isa = PBXBuildFile; fileRef = 27EF6A5D1E28587A004748DF /* encode.h */; };
		27EF6A691E2858E7004748DF /* Actor.hh in Headers */ = {isa = PBXBuildFile; fileRef = 27EF6A651E2858E7004748DF /* Actor.hh */; };
		27EF6A6A1E2858E7004748DF /* Channel.cc in Sources */ = {isa = PBXBuildFile; fileRef = 27EF6A661E2858E7004748DF /* Channel.cc */; };
		27EF6A6B1E2858E7004748DF /* Channel.hh in Headers */ = {isa = PBXBuildFile; fileRef = 27EF6A671E2858E7004748DF /* Channel.hh */; };
		27EF6A751E28594F004748DF /* PlatformCompat.hh in Headers */ = {isa = PBXBuildFile; fileRef = 27EF6A741E28594F004748DF /* PlatformCompat.hh */; };
		27EF6AA71E2B0D0D004748DF /* libblip_cpp.a in Frameworks */ = {isa = PBXBuildFile; fileRef = 27EF69B71E282549004748DF /* libblip_cpp.a */; };
		27EF6AA81E2B0D27004748DF /* BLIPTest.cc in Sources */ = {isa = PBXBuildFile; fileRef = 27EF69D71E28260D004748DF /* BLIPTest.cc */; };
		27EF6AAF1E2B0D9E004748DF /* FleeceException.cc in Sources */ = {isa = PBXBuildFile; fileRef = 27EF6AAD1E2B0D9E004748DF /* FleeceException.cc */; };
		27EF6AB01E2B0D9E004748DF /* FleeceException.hh in Headers */ = {isa = PBXBuildFile; fileRef = 27EF6AAE1E2B0D9E004748DF /* FleeceException.hh */; };
/* End PBXBuildFile section */

/* Begin PBXContainerItemProxy section */
		27EF6AA51E2B0D07004748DF /* PBXContainerItemProxy */ = {
			isa = PBXContainerItemProxy;
			containerPortal = 27EF69AF1E282549004748DF /* Project object */;
			proxyType = 1;
			remoteGlobalIDString = 27EF69B61E282549004748DF;
			remoteInfo = blip_cpp;
		};
/* End PBXContainerItemProxy section */

/* Begin PBXCopyFilesBuildPhase section */
		27EF6A9C1E2B0CE9004748DF /* CopyFiles */ = {
			isa = PBXCopyFilesBuildPhase;
			buildActionMask = 2147483647;
			dstPath = /usr/share/man/man1/;
			dstSubfolderSpec = 0;
			files = (
			);
			runOnlyForDeploymentPostprocessing = 1;
		};
/* End PBXCopyFilesBuildPhase section */

/* Begin PBXFileReference section */
		2726F62D207E9F0B007F2D02 /* Batcher.hh */ = {isa = PBXFileReference; lastKnownFileType = sourcecode.cpp.h; path = Batcher.hh; sourceTree = "<group>"; };
		272850711E95BCCF009CA22F /* MessageOut.cc */ = {isa = PBXFileReference; fileEncoding = 4; lastKnownFileType = sourcecode.cpp.cpp; path = MessageOut.cc; sourceTree = "<group>"; };
		272850721E95BCCF009CA22F /* MessageOut.hh */ = {isa = PBXFileReference; fileEncoding = 4; lastKnownFileType = sourcecode.cpp.h; path = MessageOut.hh; sourceTree = "<group>"; };
		272850F61EA022B5009CA22F /* GCDMailbox.cc */ = {isa = PBXFileReference; fileEncoding = 4; lastKnownFileType = sourcecode.cpp.cpp; path = GCDMailbox.cc; sourceTree = "<group>"; };
		272850F71EA022B5009CA22F /* GCDMailbox.hh */ = {isa = PBXFileReference; fileEncoding = 4; lastKnownFileType = sourcecode.cpp.h; path = GCDMailbox.hh; sourceTree = "<group>"; };
		272850FA1EA02B49009CA22F /* ThreadedMailbox.cc */ = {isa = PBXFileReference; fileEncoding = 4; lastKnownFileType = sourcecode.cpp.cpp; path = ThreadedMailbox.cc; sourceTree = "<group>"; };
		272850FB1EA02B49009CA22F /* ThreadedMailbox.hh */ = {isa = PBXFileReference; fileEncoding = 4; lastKnownFileType = sourcecode.cpp.h; path = ThreadedMailbox.hh; sourceTree = "<group>"; };
		273C77F11E84706B00BD7112 /* Project.xcconfig */ = {isa = PBXFileReference; lastKnownFileType = text.xcconfig; path = Project.xcconfig; sourceTree = "<group>"; };
		273C77F21E8470F800BD7112 /* XcodeWarnings.xcconfig */ = {isa = PBXFileReference; lastKnownFileType = text.xcconfig; path = XcodeWarnings.xcconfig; sourceTree = "<group>"; };
		273C77F31E84716E00BD7112 /* Project_Debug.xcconfig */ = {isa = PBXFileReference; lastKnownFileType = text.xcconfig; path = Project_Debug.xcconfig; sourceTree = "<group>"; };
		273C77F41E84716E00BD7112 /* Project_Release.xcconfig */ = {isa = PBXFileReference; lastKnownFileType = text.xcconfig; path = Project_Release.xcconfig; sourceTree = "<group>"; };
		273C77F51E84716E00BD7112 /* static_lib.xcconfig */ = {isa = PBXFileReference; lastKnownFileType = text.xcconfig; path = static_lib.xcconfig; sourceTree = "<group>"; };
		273C77F61E84724E00BD7112 /* blip.xcconfig */ = {isa = PBXFileReference; lastKnownFileType = text.xcconfig; path = blip.xcconfig; sourceTree = "<group>"; };
		27491C8F1E7AFCED001DC54B /* WebSocketImpl.cc */ = {isa = PBXFileReference; fileEncoding = 4; lastKnownFileType = sourcecode.cpp.cpp; path = WebSocketImpl.cc; sourceTree = "<group>"; };
		27491C911E7AFCED001DC54B /* WebSocketProtocol.hh */ = {isa = PBXFileReference; fileEncoding = 4; lastKnownFileType = sourcecode.cpp.h; path = WebSocketProtocol.hh; sourceTree = "<group>"; };
		27491CA01E7B417C001DC54B /* WebSocketImpl.hh */ = {isa = PBXFileReference; fileEncoding = 4; lastKnownFileType = sourcecode.cpp.h; path = WebSocketImpl.hh; sourceTree = "<group>"; };
		2750735C1F4B5EFF003D2CCE /* CMakeLists.txt */ = {isa = PBXFileReference; fileEncoding = 4; lastKnownFileType = text; path = CMakeLists.txt; sourceTree = "<group>"; };
		275CE0DE1E579F8D0084E014 /* MockProvider.hh */ = {isa = PBXFileReference; lastKnownFileType = sourcecode.cpp.h; name = MockProvider.hh; path = ../include/blip_cpp/MockProvider.hh; sourceTree = "<group>"; };
		275CE0DF1E57A5650084E014 /* libFleece.a */ = {isa = PBXFileReference; lastKnownFileType = archive.ar; name = libFleece.a; path = ../../../../build/CouchbaseLite/Build/Products/Debug/libFleece.a; sourceTree = "<group>"; };
		275CE0EF1E590B190084E014 /* LoopbackProvider.hh */ = {isa = PBXFileReference; lastKnownFileType = sourcecode.cpp.h; name = LoopbackProvider.hh; path = ../include/blip_cpp/LoopbackProvider.hh; sourceTree = "<group>"; };
		276301211F38E6D7004A1592 /* BLIP Protocol.md */ = {isa = PBXFileReference; fileEncoding = 4; lastKnownFileType = net.daringfireball.markdown; name = "BLIP Protocol.md"; path = "docs/BLIP Protocol.md"; sourceTree = "<group>"; };
		276301221F38E6DC004A1592 /* README.md */ = {isa = PBXFileReference; fileEncoding = 4; lastKnownFileType = net.daringfireball.markdown; path = README.md; sourceTree = "<group>"; };
		2773FCFF1E69FD9100108780 /* Timer.cc */ = {isa = PBXFileReference; fileEncoding = 4; lastKnownFileType = sourcecode.cpp.cpp; path = Timer.cc; sourceTree = "<group>"; };
		2773FD001E69FD9100108780 /* Timer.hh */ = {isa = PBXFileReference; fileEncoding = 4; lastKnownFileType = sourcecode.cpp.h; path = Timer.hh; sourceTree = "<group>"; };
		2773FD031E69FE2000108780 /* ActorProperty.cc */ = {isa = PBXFileReference; fileEncoding = 4; lastKnownFileType = sourcecode.cpp.cpp; path = ActorProperty.cc; sourceTree = "<group>"; };
		2773FD041E69FE2000108780 /* ActorProperty.hh */ = {isa = PBXFileReference; fileEncoding = 4; lastKnownFileType = sourcecode.cpp.h; path = ActorProperty.hh; sourceTree = "<group>"; };
		2799762A1E944B2F00B27639 /* MessageBuilder.hh */ = {isa = PBXFileReference; fileEncoding = 4; lastKnownFileType = sourcecode.cpp.h; path = MessageBuilder.hh; sourceTree = "<group>"; };
		2799762D1E94509000B27639 /* MessageBuilder.cc */ = {isa = PBXFileReference; fileEncoding = 4; lastKnownFileType = sourcecode.cpp.cpp; path = MessageBuilder.cc; sourceTree = "<group>"; };
		2799762F1E94518200B27639 /* BLIP.hh */ = {isa = PBXFileReference; fileEncoding = 4; lastKnownFileType = sourcecode.cpp.h; path = BLIP.hh; sourceTree = "<group>"; };
		27AE22B81FBE559100C40EB9 /* Codec.hh */ = {isa = PBXFileReference; lastKnownFileType = sourcecode.cpp.h; path = Codec.hh; sourceTree = "<group>"; };
		27AE22B91FBE559100C40EB9 /* Codec.cc */ = {isa = PBXFileReference; lastKnownFileType = sourcecode.cpp.cpp; path = Codec.cc; sourceTree = "<group>"; };
		27CCC7A51E524F0B00CE1989 /* Logging.cc */ = {isa = PBXFileReference; fileEncoding = 4; lastKnownFileType = sourcecode.cpp.cpp; path = Logging.cc; sourceTree = "<group>"; };
		27CCC7A61E524F0B00CE1989 /* Logging.hh */ = {isa = PBXFileReference; fileEncoding = 4; lastKnownFileType = sourcecode.cpp.h; path = Logging.hh; sourceTree = "<group>"; };
		27CCC7A71E524F0B00CE1989 /* PlatformIO.cc */ = {isa = PBXFileReference; fileEncoding = 4; lastKnownFileType = sourcecode.cpp.cpp; path = PlatformIO.cc; sourceTree = "<group>"; };
		27CCC7A81E524F0B00CE1989 /* PlatformIO.hh */ = {isa = PBXFileReference; fileEncoding = 4; lastKnownFileType = sourcecode.cpp.h; path = PlatformIO.hh; sourceTree = "<group>"; };
		27CCC7AD1E524F8000CE1989 /* libevent_core.a */ = {isa = PBXFileReference; lastKnownFileType = archive.ar; name = libevent_core.a; path = /usr/local/lib/libevent_core.a; sourceTree = "<absolute>"; };
		27CCC7AF1E524FA200CE1989 /* libevent_extra.a */ = {isa = PBXFileReference; lastKnownFileType = archive.ar; name = libevent_extra.a; path = /usr/local/lib/libevent_extra.a; sourceTree = "<absolute>"; };
		27CCC7B11E524FB500CE1989 /* libevent_pthreads.a */ = {isa = PBXFileReference; lastKnownFileType = archive.ar; name = libevent_pthreads.a; path = /usr/local/lib/libevent_pthreads.a; sourceTree = "<absolute>"; };
		27CE4CF8207BCC7F00ACA225 /* WebSocketInterface.cc */ = {isa = PBXFileReference; lastKnownFileType = sourcecode.cpp.cpp; path = WebSocketInterface.cc; sourceTree = "<group>"; };
		27DF27F020851FFD007FD912 /* Actor.cc */ = {isa = PBXFileReference; lastKnownFileType = sourcecode.cpp.cpp; path = Actor.cc; sourceTree = "<group>"; };
		27EF69B71E282549004748DF /* libblip_cpp.a */ = {isa = PBXFileReference; explicitFileType = archive.ar; includeInIndex = 0; path = libblip_cpp.a; sourceTree = BUILT_PRODUCTS_DIR; };
		27EF69D11E28260D004748DF /* Message.cc */ = {isa = PBXFileReference; fileEncoding = 4; lastKnownFileType = sourcecode.cpp.cpp; path = Message.cc; sourceTree = "<group>"; };
		27EF69D31E28260D004748DF /* BLIPConnection.cc */ = {isa = PBXFileReference; fileEncoding = 4; lastKnownFileType = sourcecode.cpp.cpp; path = BLIPConnection.cc; sourceTree = "<group>"; };
		27EF69D61E28260D004748DF /* BLIPInternal.hh */ = {isa = PBXFileReference; fileEncoding = 4; lastKnownFileType = sourcecode.cpp.h; path = BLIPInternal.hh; sourceTree = "<group>"; };
		27EF69D71E28260D004748DF /* BLIPTest.cc */ = {isa = PBXFileReference; fileEncoding = 4; lastKnownFileType = sourcecode.cpp.cpp; path = BLIPTest.cc; sourceTree = "<group>"; };
		27EF69E41E282662004748DF /* BLIPConnection.hh */ = {isa = PBXFileReference; fileEncoding = 4; lastKnownFileType = sourcecode.cpp.h; path = BLIPConnection.hh; sourceTree = "<group>"; };
		27EF69E51E282662004748DF /* BLIPProtocol.hh */ = {isa = PBXFileReference; fileEncoding = 4; lastKnownFileType = sourcecode.cpp.h; path = BLIPProtocol.hh; sourceTree = "<group>"; };
		27EF69E71E282662004748DF /* Message.hh */ = {isa = PBXFileReference; fileEncoding = 4; lastKnownFileType = sourcecode.cpp.h; path = Message.hh; sourceTree = "<group>"; };
		27EF69E81E282662004748DF /* WebSocketInterface.hh */ = {isa = PBXFileReference; fileEncoding = 4; lastKnownFileType = sourcecode.cpp.h; path = WebSocketInterface.hh; sourceTree = "<group>"; };
		27EF69EF1E28268A004748DF /* WebSocketEcho.cc */ = {isa = PBXFileReference; lastKnownFileType = sourcecode.cpp.cpp; path = WebSocketEcho.cc; sourceTree = "<group>"; };
		27EF69F01E28268A004748DF /* WebSocketEcho.hh */ = {isa = PBXFileReference; lastKnownFileType = sourcecode.cpp.h; path = WebSocketEcho.hh; sourceTree = "<group>"; };
		27EF6A4C1E2857F7004748DF /* slice.cc */ = {isa = PBXFileReference; fileEncoding = 4; lastKnownFileType = sourcecode.cpp.cpp; name = slice.cc; path = Fleece/Support/slice.cc; sourceTree = "<group>"; };
		27EF6A4D1E2857F7004748DF /* slice.hh */ = {isa = PBXFileReference; fileEncoding = 4; lastKnownFileType = sourcecode.cpp.h; name = slice.hh; path = Fleece/slice.hh; sourceTree = "<group>"; };
		27EF6A4E1E2857F7004748DF /* varint.cc */ = {isa = PBXFileReference; fileEncoding = 4; lastKnownFileType = sourcecode.cpp.cpp; name = varint.cc; path = Fleece/Support/varint.cc; sourceTree = "<group>"; };
		27EF6A4F1E2857F7004748DF /* varint.hh */ = {isa = PBXFileReference; fileEncoding = 4; lastKnownFileType = sourcecode.cpp.h; name = varint.hh; path = Fleece/Support/varint.hh; sourceTree = "<group>"; };
		27EF6A501E2857F7004748DF /* Writer.cc */ = {isa = PBXFileReference; fileEncoding = 4; lastKnownFileType = sourcecode.cpp.cpp; name = Writer.cc; path = Fleece/Support/Writer.cc; sourceTree = "<group>"; };
		27EF6A511E2857F7004748DF /* Writer.hh */ = {isa = PBXFileReference; fileEncoding = 4; lastKnownFileType = sourcecode.cpp.h; name = Writer.hh; path = Fleece/Support/Writer.hh; sourceTree = "<group>"; };
		27EF6A581E28587A004748DF /* cdecode.c */ = {isa = PBXFileReference; fileEncoding = 4; lastKnownFileType = sourcecode.c.c; name = cdecode.c; path = vendor/libb64/cdecode.c; sourceTree = "<group>"; };
		27EF6A591E28587A004748DF /* cdecode.h */ = {isa = PBXFileReference; fileEncoding = 4; lastKnownFileType = sourcecode.c.h; name = cdecode.h; path = vendor/libb64/cdecode.h; sourceTree = "<group>"; };
		27EF6A5A1E28587A004748DF /* cencode.c */ = {isa = PBXFileReference; fileEncoding = 4; lastKnownFileType = sourcecode.c.c; name = cencode.c; path = vendor/libb64/cencode.c; sourceTree = "<group>"; };
		27EF6A5B1E28587A004748DF /* cencode.h */ = {isa = PBXFileReference; fileEncoding = 4; lastKnownFileType = sourcecode.c.h; name = cencode.h; path = vendor/libb64/cencode.h; sourceTree = "<group>"; };
		27EF6A5C1E28587A004748DF /* decode.h */ = {isa = PBXFileReference; fileEncoding = 4; lastKnownFileType = sourcecode.c.h; name = decode.h; path = vendor/libb64/decode.h; sourceTree = "<group>"; };
		27EF6A5D1E28587A004748DF /* encode.h */ = {isa = PBXFileReference; fileEncoding = 4; lastKnownFileType = sourcecode.c.h; name = encode.h; path = vendor/libb64/encode.h; sourceTree = "<group>"; };
		27EF6A651E2858E7004748DF /* Actor.hh */ = {isa = PBXFileReference; fileEncoding = 4; lastKnownFileType = sourcecode.cpp.h; path = Actor.hh; sourceTree = "<group>"; };
		27EF6A661E2858E7004748DF /* Channel.cc */ = {isa = PBXFileReference; fileEncoding = 4; lastKnownFileType = sourcecode.cpp.cpp; path = Channel.cc; sourceTree = "<group>"; };
		27EF6A671E2858E7004748DF /* Channel.hh */ = {isa = PBXFileReference; fileEncoding = 4; lastKnownFileType = sourcecode.cpp.h; path = Channel.hh; sourceTree = "<group>"; };
		27EF6A741E28594F004748DF /* PlatformCompat.hh */ = {isa = PBXFileReference; fileEncoding = 4; lastKnownFileType = sourcecode.cpp.h; name = PlatformCompat.hh; path = Fleece/PlatformCompat.hh; sourceTree = "<group>"; };
		27EF6A9E1E2B0CE9004748DF /* bliptest */ = {isa = PBXFileReference; explicitFileType = "compiled.mach-o.executable"; includeInIndex = 0; path = bliptest; sourceTree = BUILT_PRODUCTS_DIR; };
		27EF6AAD1E2B0D9E004748DF /* FleeceException.cc */ = {isa = PBXFileReference; fileEncoding = 4; lastKnownFileType = sourcecode.cpp.cpp; name = FleeceException.cc; path = Fleece/Support/FleeceException.cc; sourceTree = "<group>"; };
		27EF6AAE1E2B0D9E004748DF /* FleeceException.hh */ = {isa = PBXFileReference; fileEncoding = 4; lastKnownFileType = sourcecode.cpp.h; name = FleeceException.hh; path = Fleece/Support/FleeceException.hh; sourceTree = "<group>"; };
/* End PBXFileReference section */

/* Begin PBXFrameworksBuildPhase section */
		27EF69B41E282549004748DF /* Frameworks */ = {
			isa = PBXFrameworksBuildPhase;
			buildActionMask = 2147483647;
			files = (
			);
			runOnlyForDeploymentPostprocessing = 0;
		};
		27EF6A9B1E2B0CE9004748DF /* Frameworks */ = {
			isa = PBXFrameworksBuildPhase;
			buildActionMask = 2147483647;
			files = (
				275CE0E01E57A5650084E014 /* libFleece.a in Frameworks */,
				27CCC7B31E5251C900CE1989 /* libevent_core.a in Frameworks */,
				27CCC7B51E5251CE00CE1989 /* libevent_extra.a in Frameworks */,
				27CCC7B41E5251CC00CE1989 /* libevent_pthreads.a in Frameworks */,
				27EF6AA71E2B0D0D004748DF /* libblip_cpp.a in Frameworks */,
			);
			runOnlyForDeploymentPostprocessing = 0;
		};
/* End PBXFrameworksBuildPhase section */

/* Begin PBXGroup section */
		273C77F01E846FF000BD7112 /* xcconfigs */ = {
			isa = PBXGroup;
			children = (
				273C77F11E84706B00BD7112 /* Project.xcconfig */,
				273C77F31E84716E00BD7112 /* Project_Debug.xcconfig */,
				273C77F41E84716E00BD7112 /* Project_Release.xcconfig */,
				273C77F61E84724E00BD7112 /* blip.xcconfig */,
				273C77F51E84716E00BD7112 /* static_lib.xcconfig */,
				273C77F21E8470F800BD7112 /* XcodeWarnings.xcconfig */,
			);
			name = xcconfigs;
			path = XCode/xcconfigs;
			sourceTree = "<group>";
		};
		27491C8E1E7AFCBE001DC54B /* websocket */ = {
			isa = PBXGroup;
			children = (
				27491C8F1E7AFCED001DC54B /* WebSocketImpl.cc */,
				27CE4CF8207BCC7F00ACA225 /* WebSocketInterface.cc */,
				27491C911E7AFCED001DC54B /* WebSocketProtocol.hh */,
			);
			path = websocket;
			sourceTree = "<group>";
		};
		27EF69AE1E282549004748DF = {
			isa = PBXGroup;
			children = (
				276301221F38E6DC004A1592 /* README.md */,
				276301211F38E6D7004A1592 /* BLIP Protocol.md */,
				27EF69C71E2825E6004748DF /* include */,
				27EF69C91E2825E6004748DF /* src */,
				27EF69EE1E28268A004748DF /* tests */,
				27EF69F11E2829E0004748DF /* vendor */,
				273C77F01E846FF000BD7112 /* xcconfigs */,
				27EF69B81E282549004748DF /* Products */,
				27EF6AAA1E2B0D62004748DF /* Frameworks */,
				2750735C1F4B5EFF003D2CCE /* CMakeLists.txt */,
			);
			sourceTree = "<group>";
		};
		27EF69B81E282549004748DF /* Products */ = {
			isa = PBXGroup;
			children = (
				27EF69B71E282549004748DF /* libblip_cpp.a */,
				27EF6A9E1E2B0CE9004748DF /* bliptest */,
			);
			name = Products;
			sourceTree = "<group>";
		};
		27EF69C71E2825E6004748DF /* include */ = {
			isa = PBXGroup;
			children = (
				27EF69C81E2825E6004748DF /* blip_cpp */,
			);
			path = include;
			sourceTree = "<group>";
		};
		27EF69C81E2825E6004748DF /* blip_cpp */ = {
			isa = PBXGroup;
			children = (
				2799762F1E94518200B27639 /* BLIP.hh */,
				27EF69E41E282662004748DF /* BLIPConnection.hh */,
				27EF69E51E282662004748DF /* BLIPProtocol.hh */,
				27EF69E71E282662004748DF /* Message.hh */,
				2799762A1E944B2F00B27639 /* MessageBuilder.hh */,
				27EF69E81E282662004748DF /* WebSocketInterface.hh */,
				27491CA01E7B417C001DC54B /* WebSocketImpl.hh */,
			);
			path = blip_cpp;
			sourceTree = "<group>";
		};
		27EF69C91E2825E6004748DF /* src */ = {
			isa = PBXGroup;
			children = (
				27EF69CA1E2825E6004748DF /* blip */,
				27491C8E1E7AFCBE001DC54B /* websocket */,
				27EF69CB1E2825E6004748DF /* util */,
			);
			path = src;
			sourceTree = "<group>";
		};
		27EF69CA1E2825E6004748DF /* blip */ = {
			isa = PBXGroup;
			children = (
				27EF69D11E28260D004748DF /* Message.cc */,
				2799762D1E94509000B27639 /* MessageBuilder.cc */,
				272850711E95BCCF009CA22F /* MessageOut.cc */,
				272850721E95BCCF009CA22F /* MessageOut.hh */,
				27EF69D31E28260D004748DF /* BLIPConnection.cc */,
				27EF69D61E28260D004748DF /* BLIPInternal.hh */,
			);
			path = blip;
			sourceTree = "<group>";
		};
		27EF69CB1E2825E6004748DF /* util */ = {
			isa = PBXGroup;
			children = (
				27DF27F020851FFD007FD912 /* Actor.cc */,
				27EF6A651E2858E7004748DF /* Actor.hh */,
				272850FA1EA02B49009CA22F /* ThreadedMailbox.cc */,
				272850FB1EA02B49009CA22F /* ThreadedMailbox.hh */,
				272850F61EA022B5009CA22F /* GCDMailbox.cc */,
				272850F71EA022B5009CA22F /* GCDMailbox.hh */,
				2773FD031E69FE2000108780 /* ActorProperty.cc */,
				2773FD041E69FE2000108780 /* ActorProperty.hh */,
				2726F62D207E9F0B007F2D02 /* Batcher.hh */,
				27EF6A661E2858E7004748DF /* Channel.cc */,
				27EF6A671E2858E7004748DF /* Channel.hh */,
				2773FCFF1E69FD9100108780 /* Timer.cc */,
				2773FD001E69FD9100108780 /* Timer.hh */,
				27AE22B81FBE559100C40EB9 /* Codec.hh */,
				27AE22B91FBE559100C40EB9 /* Codec.cc */,
			);
			path = util;
			sourceTree = "<group>";
		};
		27EF69EE1E28268A004748DF /* tests */ = {
			isa = PBXGroup;
			children = (
				27EF69D71E28260D004748DF /* BLIPTest.cc */,
				275CE0DE1E579F8D0084E014 /* MockProvider.hh */,
				275CE0EF1E590B190084E014 /* LoopbackProvider.hh */,
				27EF69EF1E28268A004748DF /* WebSocketEcho.cc */,
				27EF69F01E28268A004748DF /* WebSocketEcho.hh */,
			);
			path = tests;
			sourceTree = "<group>";
		};
		27EF69F11E2829E0004748DF /* vendor */ = {
			isa = PBXGroup;
			children = (
				27EF6A4B1E28577F004748DF /* fleece */,
				27EF6A3E1E2854E1004748DF /* Support */,
			);
			path = vendor;
			sourceTree = "<group>";
		};
		27EF6A3E1E2854E1004748DF /* Support */ = {
			isa = PBXGroup;
			children = (
				27CCC7A51E524F0B00CE1989 /* Logging.cc */,
				27CCC7A61E524F0B00CE1989 /* Logging.hh */,
				27CCC7A71E524F0B00CE1989 /* PlatformIO.cc */,
				27CCC7A81E524F0B00CE1989 /* PlatformIO.hh */,
			);
			name = Support;
			path = ../../LiteCore/Support;
			sourceTree = SOURCE_ROOT;
		};
		27EF6A4B1E28577F004748DF /* fleece */ = {
			isa = PBXGroup;
			children = (
				27EF6AAD1E2B0D9E004748DF /* FleeceException.cc */,
				27EF6AAE1E2B0D9E004748DF /* FleeceException.hh */,
				27EF6A741E28594F004748DF /* PlatformCompat.hh */,
				27EF6A4C1E2857F7004748DF /* slice.cc */,
				27EF6A4D1E2857F7004748DF /* slice.hh */,
				27EF6A4E1E2857F7004748DF /* varint.cc */,
				27EF6A4F1E2857F7004748DF /* varint.hh */,
				27EF6A501E2857F7004748DF /* Writer.cc */,
				27EF6A511E2857F7004748DF /* Writer.hh */,
				27EF6A581E28587A004748DF /* cdecode.c */,
				27EF6A591E28587A004748DF /* cdecode.h */,
				27EF6A5A1E28587A004748DF /* cencode.c */,
				27EF6A5B1E28587A004748DF /* cencode.h */,
				27EF6A5C1E28587A004748DF /* decode.h */,
				27EF6A5D1E28587A004748DF /* encode.h */,
			);
			name = fleece;
			path = ../../fleece;
			sourceTree = "<group>";
		};
		27EF6AAA1E2B0D62004748DF /* Frameworks */ = {
			isa = PBXGroup;
			children = (
				275CE0DF1E57A5650084E014 /* libFleece.a */,
				27CCC7AD1E524F8000CE1989 /* libevent_core.a */,
				27CCC7B11E524FB500CE1989 /* libevent_pthreads.a */,
				27CCC7AF1E524FA200CE1989 /* libevent_extra.a */,
			);
			name = Frameworks;
			sourceTree = "<group>";
		};
/* End PBXGroup section */

/* Begin PBXHeadersBuildPhase section */
		27EF69B51E282549004748DF /* Headers */ = {
			isa = PBXHeadersBuildPhase;
			buildActionMask = 2147483647;
			files = (
				27EF6A631E28587A004748DF /* encode.h in Headers */,
				27AE22BA1FBE559100C40EB9 /* Codec.hh in Headers */,
				27EF6A6B1E2858E7004748DF /* Channel.hh in Headers */,
				27EF6A611E28587A004748DF /* cencode.h in Headers */,
				27EF6AB01E2B0D9E004748DF /* FleeceException.hh in Headers */,
				27EF69E21E28260D004748DF /* BLIPInternal.hh in Headers */,
				27EF69EC1E282662004748DF /* Message.hh in Headers */,
				27491CA11E7B417C001DC54B /* WebSocketImpl.hh in Headers */,
				272850741E95BCCF009CA22F /* MessageOut.hh in Headers */,
				27EF69ED1E282662004748DF /* WebSocketInterface.hh in Headers */,
				27EF6A551E2857F7004748DF /* varint.hh in Headers */,
				27EF69EA1E282662004748DF /* BLIPProtocol.hh in Headers */,
				27CCC7AA1E524F0B00CE1989 /* Logging.hh in Headers */,
				2773FD061E69FE2000108780 /* ActorProperty.hh in Headers */,
				2773FD021E69FD9100108780 /* Timer.hh in Headers */,
				27EF6A531E2857F7004748DF /* slice.hh in Headers */,
				279976301E94518200B27639 /* BLIP.hh in Headers */,
				27EF6A691E2858E7004748DF /* Actor.hh in Headers */,
				2726F62F207E9F0B007F2D02 /* Batcher.hh in Headers */,
				272850F91EA022B5009CA22F /* GCDMailbox.hh in Headers */,
				27EF6A571E2857F7004748DF /* Writer.hh in Headers */,
				2799762C1E944B2F00B27639 /* MessageBuilder.hh in Headers */,
				27EF6A751E28594F004748DF /* PlatformCompat.hh in Headers */,
				27EF69E91E282662004748DF /* BLIPConnection.hh in Headers */,
				27EF6A621E28587A004748DF /* decode.h in Headers */,
				27EF6A5F1E28587A004748DF /* cdecode.h in Headers */,
				272850FD1EA02B49009CA22F /* ThreadedMailbox.hh in Headers */,
				27491C941E7AFCED001DC54B /* WebSocketProtocol.hh in Headers */,
				27CCC7AC1E524F0B00CE1989 /* PlatformIO.hh in Headers */,
			);
			runOnlyForDeploymentPostprocessing = 0;
		};
/* End PBXHeadersBuildPhase section */

/* Begin PBXNativeTarget section */
		27EF69B61E282549004748DF /* blip_cpp */ = {
			isa = PBXNativeTarget;
			buildConfigurationList = 27EF69C21E282549004748DF /* Build configuration list for PBXNativeTarget "blip_cpp" */;
			buildPhases = (
				27EF69B31E282549004748DF /* Sources */,
				27EF69B41E282549004748DF /* Frameworks */,
				27EF69B51E282549004748DF /* Headers */,
			);
			buildRules = (
			);
			dependencies = (
			);
			name = blip_cpp;
			productName = blip_cpp;
			productReference = 27EF69B71E282549004748DF /* libblip_cpp.a */;
			productType = "com.apple.product-type.library.static";
		};
		27EF6A9D1E2B0CE9004748DF /* bliptest */ = {
			isa = PBXNativeTarget;
			buildConfigurationList = 27EF6AA21E2B0CE9004748DF /* Build configuration list for PBXNativeTarget "bliptest" */;
			buildPhases = (
				27EF6A9A1E2B0CE9004748DF /* Sources */,
				27EF6A9B1E2B0CE9004748DF /* Frameworks */,
				27EF6A9C1E2B0CE9004748DF /* CopyFiles */,
			);
			buildRules = (
			);
			dependencies = (
				27EF6AA61E2B0D07004748DF /* PBXTargetDependency */,
			);
			name = bliptest;
			productName = bliptest;
			productReference = 27EF6A9E1E2B0CE9004748DF /* bliptest */;
			productType = "com.apple.product-type.tool";
		};
/* End PBXNativeTarget section */

/* Begin PBXProject section */
		27EF69AF1E282549004748DF /* Project object */ = {
			isa = PBXProject;
			attributes = {
				LastUpgradeCheck = 1000;
				ORGANIZATIONNAME = Couchbase;
				TargetAttributes = {
					27EF69B61E282549004748DF = {
						CreatedOnToolsVersion = 8.2.1;
						DevelopmentTeam = N2Q372V7W2;
						ProvisioningStyle = Automatic;
					};
					27EF6A9D1E2B0CE9004748DF = {
						CreatedOnToolsVersion = 8.2.1;
						DevelopmentTeam = N2Q372V7W2;
						ProvisioningStyle = Automatic;
					};
				};
			};
			buildConfigurationList = 27EF69B21E282549004748DF /* Build configuration list for PBXProject "blip_cpp" */;
			compatibilityVersion = "Xcode 3.2";
			developmentRegion = English;
			hasScannedForEncodings = 0;
			knownRegions = (
				en,
			);
			mainGroup = 27EF69AE1E282549004748DF;
			productRefGroup = 27EF69B81E282549004748DF /* Products */;
			projectDirPath = "";
			projectRoot = "";
			targets = (
				27EF69B61E282549004748DF /* blip_cpp */,
				27EF6A9D1E2B0CE9004748DF /* bliptest */,
			);
		};
/* End PBXProject section */

/* Begin PBXSourcesBuildPhase section */
		27EF69B31E282549004748DF /* Sources */ = {
			isa = PBXSourcesBuildPhase;
			buildActionMask = 2147483647;
			files = (
				27AE22BB1FBE559100C40EB9 /* Codec.cc in Sources */,
				2773FD011E69FD9100108780 /* Timer.cc in Sources */,
				27EF6A6A1E2858E7004748DF /* Channel.cc in Sources */,
				272850F81EA022B5009CA22F /* GCDMailbox.cc in Sources */,
				2799762E1E94509000B27639 /* MessageBuilder.cc in Sources */,
				27CCC7A91E524F0B00CE1989 /* Logging.cc in Sources */,
				27EF6AAF1E2B0D9E004748DF /* FleeceException.cc in Sources */,
				27491C921E7AFCED001DC54B /* WebSocketImpl.cc in Sources */,
				27EF6A521E2857F7004748DF /* slice.cc in Sources */,
				27EF6A541E2857F7004748DF /* varint.cc in Sources */,
				2773FD051E69FE2000108780 /* ActorProperty.cc in Sources */,
				272850FC1EA02B49009CA22F /* ThreadedMailbox.cc in Sources */,
				272850731E95BCCF009CA22F /* MessageOut.cc in Sources */,
				27EF69DF1E28260D004748DF /* BLIPConnection.cc in Sources */,
				27DF27F120851FFD007FD912 /* Actor.cc in Sources */,
				27EF69DD1E28260D004748DF /* Message.cc in Sources */,
				27EF6A561E2857F7004748DF /* Writer.cc in Sources */,
				27CCC7AB1E524F0B00CE1989 /* PlatformIO.cc in Sources */,
				27CE4CF9207BCC7F00ACA225 /* WebSocketInterface.cc in Sources */,
				27EF6A601E28587A004748DF /* cencode.c in Sources */,
				27EF6A5E1E28587A004748DF /* cdecode.c in Sources */,
			);
			runOnlyForDeploymentPostprocessing = 0;
		};
		27EF6A9A1E2B0CE9004748DF /* Sources */ = {
			isa = PBXSourcesBuildPhase;
			buildActionMask = 2147483647;
			files = (
				27EF6AA81E2B0D27004748DF /* BLIPTest.cc in Sources */,
			);
			runOnlyForDeploymentPostprocessing = 0;
		};
/* End PBXSourcesBuildPhase section */

/* Begin PBXTargetDependency section */
		27EF6AA61E2B0D07004748DF /* PBXTargetDependency */ = {
			isa = PBXTargetDependency;
			target = 27EF69B61E282549004748DF /* blip_cpp */;
			targetProxy = 27EF6AA51E2B0D07004748DF /* PBXContainerItemProxy */;
		};
/* End PBXTargetDependency section */

/* Begin XCBuildConfiguration section */
		27EF69C01E282549004748DF /* Debug */ = {
			isa = XCBuildConfiguration;
			baseConfigurationReference = 273C77F31E84716E00BD7112 /* Project_Debug.xcconfig */;
			buildSettings = {
			};
			name = Debug;
		};
		27EF69C11E282549004748DF /* Release */ = {
			isa = XCBuildConfiguration;
			baseConfigurationReference = 273C77F41E84716E00BD7112 /* Project_Release.xcconfig */;
			buildSettings = {
			};
			name = Release;
		};
		27EF69C31E282549004748DF /* Debug */ = {
			isa = XCBuildConfiguration;
			baseConfigurationReference = 273C77F61E84724E00BD7112 /* blip.xcconfig */;
			buildSettings = {
			};
			name = Debug;
		};
		27EF69C41E282549004748DF /* Release */ = {
			isa = XCBuildConfiguration;
			baseConfigurationReference = 273C77F61E84724E00BD7112 /* blip.xcconfig */;
			buildSettings = {
			};
			name = Release;
		};
		27EF6AA31E2B0CE9004748DF /* Debug */ = {
			isa = XCBuildConfiguration;
			buildSettings = {
				PRODUCT_NAME = "$(TARGET_NAME)";
			};
			name = Debug;
		};
		27EF6AA41E2B0CE9004748DF /* Release */ = {
			isa = XCBuildConfiguration;
			buildSettings = {
				PRODUCT_NAME = "$(TARGET_NAME)";
			};
			name = Release;
		};
		27FA820F2036B94B0081DB2B /* Debug-EE */ = {
			isa = XCBuildConfiguration;
			baseConfigurationReference = 273C77F31E84716E00BD7112 /* Project_Debug.xcconfig */;
			buildSettings = {
			};
			name = "Debug-EE";
		};
		27FA82102036B94B0081DB2B /* Debug-EE */ = {
			isa = XCBuildConfiguration;
			baseConfigurationReference = 273C77F61E84724E00BD7112 /* blip.xcconfig */;
			buildSettings = {
			};
			name = "Debug-EE";
		};
		27FA82112036B94B0081DB2B /* Debug-EE */ = {
			isa = XCBuildConfiguration;
			buildSettings = {
				PRODUCT_NAME = "$(TARGET_NAME)";
			};
			name = "Debug-EE";
		};
		27FA82122036B9530081DB2B /* Release-EE */ = {
			isa = XCBuildConfiguration;
			baseConfigurationReference = 273C77F41E84716E00BD7112 /* Project_Release.xcconfig */;
			buildSettings = {
			};
			name = "Release-EE";
		};
		27FA82132036B9530081DB2B /* Release-EE */ = {
			isa = XCBuildConfiguration;
			baseConfigurationReference = 273C77F61E84724E00BD7112 /* blip.xcconfig */;
			buildSettings = {
			};
			name = "Release-EE";
		};
		27FA82142036B9530081DB2B /* Release-EE */ = {
			isa = XCBuildConfiguration;
			buildSettings = {
				PRODUCT_NAME = "$(TARGET_NAME)";
			};
			name = "Release-EE";
		};
/* End XCBuildConfiguration section */

/* Begin XCConfigurationList section */
		27EF69B21E282549004748DF /* Build configuration list for PBXProject "blip_cpp" */ = {
			isa = XCConfigurationList;
			buildConfigurations = (
				27EF69C01E282549004748DF /* Debug */,
				27FA820F2036B94B0081DB2B /* Debug-EE */,
				27EF69C11E282549004748DF /* Release */,
				27FA82122036B9530081DB2B /* Release-EE */,
			);
			defaultConfigurationIsVisible = 0;
			defaultConfigurationName = Release;
		};
		27EF69C21E282549004748DF /* Build configuration list for PBXNativeTarget "blip_cpp" */ = {
			isa = XCConfigurationList;
			buildConfigurations = (
				27EF69C31E282549004748DF /* Debug */,
				27FA82102036B94B0081DB2B /* Debug-EE */,
				27EF69C41E282549004748DF /* Release */,
				27FA82132036B9530081DB2B /* Release-EE */,
			);
			defaultConfigurationIsVisible = 0;
			defaultConfigurationName = Release;
		};
		27EF6AA21E2B0CE9004748DF /* Build configuration list for PBXNativeTarget "bliptest" */ = {
			isa = XCConfigurationList;
			buildConfigurations = (
				27EF6AA31E2B0CE9004748DF /* Debug */,
				27FA82112036B94B0081DB2B /* Debug-EE */,
				27EF6AA41E2B0CE9004748DF /* Release */,
				27FA82142036B9530081DB2B /* Release-EE */,
			);
			defaultConfigurationIsVisible = 0;
			defaultConfigurationName = Release;
		};
/* End XCConfigurationList section */
	};
	rootObject = 27EF69AF1E282549004748DF /* Project object */;
}
