// !$*UTF8*$!
{
	archiveVersion = 1;
	classes = {
	};
	objectVersion = 46;
	objects = {

/* Begin PBXBuildFile section */
		2740498618E7A3D10036333A /* forestdb_x.cc in Sources */ = {isa = PBXBuildFile; fileRef = 2740498318E7A32A0036333A /* forestdb_x.cc */; };
		2740498718E7DF770036333A /* forestdb_x.cc in Sources */ = {isa = PBXBuildFile; fileRef = 2740498318E7A32A0036333A /* forestdb_x.cc */; };
		2750723F18E3E52800A80C5A /* Foundation.framework in Frameworks */ = {isa = PBXBuildFile; fileRef = 2750723E18E3E52800A80C5A /* Foundation.framework */; };
		2750724218E3E52800A80C5A /* main.m in Sources */ = {isa = PBXBuildFile; fileRef = 2750724118E3E52800A80C5A /* main.m */; };
		2750725618E3E60900A80C5A /* CBForestDB.m in Sources */ = {isa = PBXBuildFile; fileRef = 2750724F18E3E60900A80C5A /* CBForestDB.m */; };
		2750725718E3E60900A80C5A /* CBForestDocument.m in Sources */ = {isa = PBXBuildFile; fileRef = 2750725118E3E60900A80C5A /* CBForestDocument.m */; };
		2750725918E3E60900A80C5A /* CBForestPrivate.m in Sources */ = {isa = PBXBuildFile; fileRef = 2750725518E3E60900A80C5A /* CBForestPrivate.m */; };
		275072AC18E4A68E00A80C5A /* XCTest.framework in Frameworks */ = {isa = PBXBuildFile; fileRef = 275072AB18E4A68E00A80C5A /* XCTest.framework */; };
		275072B218E4A68E00A80C5A /* InfoPlist.strings in Resources */ = {isa = PBXBuildFile; fileRef = 275072B018E4A68E00A80C5A /* InfoPlist.strings */; };
		275072B418E4A68E00A80C5A /* CBForest_Tests.m in Sources */ = {isa = PBXBuildFile; fileRef = 275072B318E4A68E00A80C5A /* CBForest_Tests.m */; };
		275072BB18E4A81F00A80C5A /* CBForestDB.m in Sources */ = {isa = PBXBuildFile; fileRef = 2750724F18E3E60900A80C5A /* CBForestDB.m */; };
		275072BC18E4A81F00A80C5A /* CBForestDocument.m in Sources */ = {isa = PBXBuildFile; fileRef = 2750725118E3E60900A80C5A /* CBForestDocument.m */; };
		275072BD18E4A81F00A80C5A /* CBForestPrivate.m in Sources */ = {isa = PBXBuildFile; fileRef = 2750725518E3E60900A80C5A /* CBForestPrivate.m */; };
		275072C718E4AA5000A80C5A /* avltree.cc in Sources */ = {isa = PBXBuildFile; fileRef = 2750729318E4857900A80C5A /* avltree.cc */; };
		275072C818E4AA5000A80C5A /* blockcache.cc in Sources */ = {isa = PBXBuildFile; fileRef = 2750729418E4857900A80C5A /* blockcache.cc */; };
		275072C918E4AA5000A80C5A /* btree_kv.cc in Sources */ = {isa = PBXBuildFile; fileRef = 2750729518E4857900A80C5A /* btree_kv.cc */; };
		275072CA18E4AA5000A80C5A /* btree.cc in Sources */ = {isa = PBXBuildFile; fileRef = 2750729618E4857900A80C5A /* btree.cc */; };
		275072CB18E4AA5000A80C5A /* btreeblock.cc in Sources */ = {isa = PBXBuildFile; fileRef = 2750729718E4857900A80C5A /* btreeblock.cc */; };
		275072CC18E4AA5000A80C5A /* docio.cc in Sources */ = {isa = PBXBuildFile; fileRef = 2750729818E4857900A80C5A /* docio.cc */; };
		275072CD18E4AA5000A80C5A /* filemgr_ops_linux.cc in Sources */ = {isa = PBXBuildFile; fileRef = 2750729918E4857900A80C5A /* filemgr_ops_linux.cc */; };
		275072CE18E4AA5000A80C5A /* filemgr_ops_windows.cc in Sources */ = {isa = PBXBuildFile; fileRef = 2750729A18E4857900A80C5A /* filemgr_ops_windows.cc */; };
		275072CF18E4AA5000A80C5A /* filemgr_ops.cc in Sources */ = {isa = PBXBuildFile; fileRef = 2750729B18E4857900A80C5A /* filemgr_ops.cc */; };
		275072D018E4AA5000A80C5A /* filemgr.cc in Sources */ = {isa = PBXBuildFile; fileRef = 2750729C18E4857900A80C5A /* filemgr.cc */; };
		275072D118E4AA5000A80C5A /* forestdb.cc in Sources */ = {isa = PBXBuildFile; fileRef = 2750729D18E4857900A80C5A /* forestdb.cc */; };
		275072D218E4AA5000A80C5A /* hash_functions.cc in Sources */ = {isa = PBXBuildFile; fileRef = 2750729E18E4857900A80C5A /* hash_functions.cc */; };
		275072D318E4AA5000A80C5A /* hash.cc in Sources */ = {isa = PBXBuildFile; fileRef = 2750729F18E4857900A80C5A /* hash.cc */; };
		275072D418E4AA5000A80C5A /* hbtrie.cc in Sources */ = {isa = PBXBuildFile; fileRef = 275072A018E4857900A80C5A /* hbtrie.cc */; };
		275072D518E4AA5000A80C5A /* iterator.cc in Sources */ = {isa = PBXBuildFile; fileRef = 275072A118E4857900A80C5A /* iterator.cc */; };
		275072D618E4AA5000A80C5A /* list.cc in Sources */ = {isa = PBXBuildFile; fileRef = 275072A218E4857900A80C5A /* list.cc */; };
		275072D718E4AA5000A80C5A /* wal.cc in Sources */ = {isa = PBXBuildFile; fileRef = 275072A318E4857900A80C5A /* wal.cc */; };
		275072DA18E4ACA900A80C5A /* libforestdb.a in Frameworks */ = {isa = PBXBuildFile; fileRef = 275072C318E4AA4400A80C5A /* libforestdb.a */; };
		275072F018E4ACE100A80C5A /* adv_random.h in Headers */ = {isa = PBXBuildFile; fileRef = 275072DC18E4ACE100A80C5A /* adv_random.h */; };
		275072F118E4ACE100A80C5A /* bitwise_utils.h in Headers */ = {isa = PBXBuildFile; fileRef = 275072DD18E4ACE100A80C5A /* bitwise_utils.h */; };
		275072F218E4ACE100A80C5A /* crc32.cc in Sources */ = {isa = PBXBuildFile; fileRef = 275072DE18E4ACE100A80C5A /* crc32.cc */; };
		275072F318E4ACE100A80C5A /* crc32.h in Headers */ = {isa = PBXBuildFile; fileRef = 275072DF18E4ACE100A80C5A /* crc32.h */; };
		275072F518E4ACE100A80C5A /* debug.cc in Sources */ = {isa = PBXBuildFile; fileRef = 275072E118E4ACE100A80C5A /* debug.cc */; };
		275072F618E4ACE100A80C5A /* debug.h in Headers */ = {isa = PBXBuildFile; fileRef = 275072E218E4ACE100A80C5A /* debug.h */; };
		275072FA18E4ACE100A80C5A /* iniparser.cc in Sources */ = {isa = PBXBuildFile; fileRef = 275072E618E4ACE100A80C5A /* iniparser.cc */; };
		275072FB18E4ACE100A80C5A /* iniparser.h in Headers */ = {isa = PBXBuildFile; fileRef = 275072E718E4ACE100A80C5A /* iniparser.h */; };
		275072FD18E4ACE100A80C5A /* memleak.cc in Sources */ = {isa = PBXBuildFile; fileRef = 275072E918E4ACE100A80C5A /* memleak.cc */; };
		275072FE18E4ACE100A80C5A /* memleak.h in Headers */ = {isa = PBXBuildFile; fileRef = 275072EA18E4ACE100A80C5A /* memleak.h */; };
		2750730018E4ACE100A80C5A /* stopwatch.cc in Sources */ = {isa = PBXBuildFile; fileRef = 275072EC18E4ACE100A80C5A /* stopwatch.cc */; };
		2750730118E4ACE100A80C5A /* stopwatch.h in Headers */ = {isa = PBXBuildFile; fileRef = 275072ED18E4ACE100A80C5A /* stopwatch.h */; };
		2750730318E4ACE100A80C5A /* time_utils.h in Headers */ = {isa = PBXBuildFile; fileRef = 275072EF18E4ACE100A80C5A /* time_utils.h */; };
		2750730418E4AD4700A80C5A /* libforestdb.a in Frameworks */ = {isa = PBXBuildFile; fileRef = 275072C318E4AA4400A80C5A /* libforestdb.a */; };
		2750730618E5049C00A80C5A /* CBForestVersions.m in Sources */ = {isa = PBXBuildFile; fileRef = 2750725318E3E60900A80C5A /* CBForestVersions.m */; };
		2750730918E504FC00A80C5A /* rev_tree.c in Sources */ = {isa = PBXBuildFile; fileRef = 2750730718E504FC00A80C5A /* rev_tree.c */; };
		2750730B18E5EB7200A80C5A /* RevTree_Tests.m in Sources */ = {isa = PBXBuildFile; fileRef = 2750730A18E5EB7200A80C5A /* RevTree_Tests.m */; };
		2750730C18E5ECCA00A80C5A /* rev_tree.c in Sources */ = {isa = PBXBuildFile; fileRef = 2750730718E504FC00A80C5A /* rev_tree.c */; };
		2750730D18E5ECCE00A80C5A /* CBForestVersions.m in Sources */ = {isa = PBXBuildFile; fileRef = 2750725318E3E60900A80C5A /* CBForestVersions.m */; };
		2750730F18E621C000A80C5A /* Versions_Tests.m in Sources */ = {isa = PBXBuildFile; fileRef = 2750730E18E621C000A80C5A /* Versions_Tests.m */; };
		2750731418E6499800A80C5A /* btree_prefix_kv.h in Headers */ = {isa = PBXBuildFile; fileRef = 2750731218E6499800A80C5A /* btree_prefix_kv.h */; };
		2750731518E6499800A80C5A /* btree_prefix_kv.cc in Sources */ = {isa = PBXBuildFile; fileRef = 2750731318E6499800A80C5A /* btree_prefix_kv.cc */; };
		27FDFC0118EA58BF00AC4647 /* varint.c in Sources */ = {isa = PBXBuildFile; fileRef = 27FDFC0018EA58BF00AC4647 /* varint.c */; };
		27FDFC0318EA875100AC4647 /* varint.c in Sources */ = {isa = PBXBuildFile; fileRef = 27FDFC0018EA58BF00AC4647 /* varint.c */; };
		27FDFC0618EB803F00AC4647 /* CBForestIndex.m in Sources */ = {isa = PBXBuildFile; fileRef = 27FDFC0518EB803F00AC4647 /* CBForestIndex.m */; };
		27FDFC0718EB803F00AC4647 /* CBForestIndex.m in Sources */ = {isa = PBXBuildFile; fileRef = 27FDFC0518EB803F00AC4647 /* CBForestIndex.m */; };
		27FDFC0918EC584500AC4647 /* Index_Tests.m in Sources */ = {isa = PBXBuildFile; fileRef = 27FDFC0818EC584500AC4647 /* Index_Tests.m */; };
		27FDFC0E18EC609000AC4647 /* CBLCollateJSON.m in Sources */ = {isa = PBXBuildFile; fileRef = 27FDFC0D18EC609000AC4647 /* CBLCollateJSON.m */; };
		27FDFC0F18EC609000AC4647 /* CBLCollateJSON.m in Sources */ = {isa = PBXBuildFile; fileRef = 27FDFC0D18EC609000AC4647 /* CBLCollateJSON.m */; };
/* End PBXBuildFile section */

/* Begin PBXContainerItemProxy section */
		275072B618E4A68E00A80C5A /* PBXContainerItemProxy */ = {
			isa = PBXContainerItemProxy;
			containerPortal = 2750723318E3E52800A80C5A /* Project object */;
			proxyType = 1;
			remoteGlobalIDString = 2750723A18E3E52800A80C5A;
			remoteInfo = CBForest;
		};
		275072D818E4ACA400A80C5A /* PBXContainerItemProxy */ = {
			isa = PBXContainerItemProxy;
			containerPortal = 2750723318E3E52800A80C5A /* Project object */;
			proxyType = 1;
			remoteGlobalIDString = 275072C218E4AA4400A80C5A;
			remoteInfo = forestdb;
		};
/* End PBXContainerItemProxy section */

/* Begin PBXCopyFilesBuildPhase section */
		2750723918E3E52800A80C5A /* CopyFiles */ = {
			isa = PBXCopyFilesBuildPhase;
			buildActionMask = 2147483647;
			dstPath = /usr/share/man/man1/;
			dstSubfolderSpec = 0;
			files = (
			);
			runOnlyForDeploymentPostprocessing = 1;
		};
/* End PBXCopyFilesBuildPhase section */

/* Begin PBXFileReference section */
		2740498318E7A32A0036333A /* forestdb_x.cc */ = {isa = PBXFileReference; fileEncoding = 4; lastKnownFileType = sourcecode.cpp.cpp; path = forestdb_x.cc; sourceTree = "<group>"; };
		2740498518E7A3360036333A /* forestdb_x.h */ = {isa = PBXFileReference; lastKnownFileType = sourcecode.c.h; path = forestdb_x.h; sourceTree = "<group>"; };
		2750723B18E3E52800A80C5A /* CBForest */ = {isa = PBXFileReference; explicitFileType = "compiled.mach-o.executable"; includeInIndex = 0; path = CBForest; sourceTree = BUILT_PRODUCTS_DIR; };
		2750723E18E3E52800A80C5A /* Foundation.framework */ = {isa = PBXFileReference; lastKnownFileType = wrapper.framework; name = Foundation.framework; path = System/Library/Frameworks/Foundation.framework; sourceTree = SDKROOT; };
		2750724118E3E52800A80C5A /* main.m */ = {isa = PBXFileReference; lastKnownFileType = sourcecode.c.objc; path = main.m; sourceTree = "<group>"; };
		2750724418E3E52800A80C5A /* CBForest-Prefix.pch */ = {isa = PBXFileReference; lastKnownFileType = sourcecode.c.h; path = "CBForest-Prefix.pch"; sourceTree = "<group>"; };
		2750724C18E3E5BB00A80C5A /* libforestdb.dylib */ = {isa = PBXFileReference; lastKnownFileType = "compiled.mach-o.dylib"; name = libforestdb.dylib; path = vendor/forestdb/build/libforestdb.dylib; sourceTree = "<group>"; };
		2750724E18E3E60900A80C5A /* CBForestDB.h */ = {isa = PBXFileReference; fileEncoding = 4; lastKnownFileType = sourcecode.c.h; path = CBForestDB.h; sourceTree = "<group>"; };
		2750724F18E3E60900A80C5A /* CBForestDB.m */ = {isa = PBXFileReference; fileEncoding = 4; lastKnownFileType = sourcecode.c.objc; path = CBForestDB.m; sourceTree = "<group>"; };
		2750725018E3E60900A80C5A /* CBForestDocument.h */ = {isa = PBXFileReference; fileEncoding = 4; lastKnownFileType = sourcecode.c.h; path = CBForestDocument.h; sourceTree = "<group>"; };
		2750725118E3E60900A80C5A /* CBForestDocument.m */ = {isa = PBXFileReference; fileEncoding = 4; lastKnownFileType = sourcecode.c.objc; path = CBForestDocument.m; sourceTree = "<group>"; };
		2750725218E3E60900A80C5A /* CBForestVersions.h */ = {isa = PBXFileReference; fileEncoding = 4; lastKnownFileType = sourcecode.c.h; path = CBForestVersions.h; sourceTree = "<group>"; };
		2750725318E3E60900A80C5A /* CBForestVersions.m */ = {isa = PBXFileReference; fileEncoding = 4; lastKnownFileType = sourcecode.c.objc; path = CBForestVersions.m; sourceTree = "<group>"; };
		2750725418E3E60900A80C5A /* CBForestPrivate.h */ = {isa = PBXFileReference; fileEncoding = 4; lastKnownFileType = sourcecode.c.h; path = CBForestPrivate.h; sourceTree = "<group>"; };
		2750725518E3E60900A80C5A /* CBForestPrivate.m */ = {isa = PBXFileReference; fileEncoding = 4; lastKnownFileType = sourcecode.c.objc; path = CBForestPrivate.m; sourceTree = "<group>"; };
		2750726118E3E72900A80C5A /* option.h */ = {isa = PBXFileReference; lastKnownFileType = sourcecode.c.h; path = option.h; sourceTree = "<group>"; };
		2750726318E3E72900A80C5A /* arch.h */ = {isa = PBXFileReference; lastKnownFileType = sourcecode.c.h; path = arch.h; sourceTree = "<group>"; };
		2750726518E3E72900A80C5A /* avltree.h */ = {isa = PBXFileReference; lastKnownFileType = sourcecode.c.h; path = avltree.h; sourceTree = "<group>"; };
		2750726718E3E72900A80C5A /* blockcache.h */ = {isa = PBXFileReference; lastKnownFileType = sourcecode.c.h; path = blockcache.h; sourceTree = "<group>"; };
		2750726A18E3E72900A80C5A /* btree.h */ = {isa = PBXFileReference; lastKnownFileType = sourcecode.c.h; path = btree.h; sourceTree = "<group>"; };
		2750726D18E3E72900A80C5A /* btree_kv.h */ = {isa = PBXFileReference; lastKnownFileType = sourcecode.c.h; path = btree_kv.h; sourceTree = "<group>"; };
		2750727018E3E72900A80C5A /* btreeblock.h */ = {isa = PBXFileReference; lastKnownFileType = sourcecode.c.h; path = btreeblock.h; sourceTree = "<group>"; };
		2750727218E3E72900A80C5A /* common.h */ = {isa = PBXFileReference; lastKnownFileType = sourcecode.c.h; path = common.h; sourceTree = "<group>"; };
		2750727418E3E72900A80C5A /* docio.h */ = {isa = PBXFileReference; lastKnownFileType = sourcecode.c.h; path = docio.h; sourceTree = "<group>"; };
		2750727718E3E72900A80C5A /* filemgr.h */ = {isa = PBXFileReference; lastKnownFileType = sourcecode.c.h; path = filemgr.h; sourceTree = "<group>"; };
		2750727A18E3E72900A80C5A /* filemgr_ops.h */ = {isa = PBXFileReference; lastKnownFileType = sourcecode.c.h; path = filemgr_ops.h; sourceTree = "<group>"; };
		2750728118E3E72900A80C5A /* hash.h */ = {isa = PBXFileReference; lastKnownFileType = sourcecode.c.h; path = hash.h; sourceTree = "<group>"; };
		2750728418E3E72900A80C5A /* hash_functions.h */ = {isa = PBXFileReference; lastKnownFileType = sourcecode.c.h; path = hash_functions.h; sourceTree = "<group>"; };
		2750728718E3E72900A80C5A /* hbtrie.h */ = {isa = PBXFileReference; lastKnownFileType = sourcecode.c.h; path = hbtrie.h; sourceTree = "<group>"; };
		2750728B18E3E72900A80C5A /* list.h */ = {isa = PBXFileReference; lastKnownFileType = sourcecode.c.h; path = list.h; sourceTree = "<group>"; };
		2750729118E3E72900A80C5A /* wal.h */ = {isa = PBXFileReference; lastKnownFileType = sourcecode.c.h; path = wal.h; sourceTree = "<group>"; };
		2750729318E4857900A80C5A /* avltree.cc */ = {isa = PBXFileReference; lastKnownFileType = sourcecode.cpp.cpp; path = avltree.cc; sourceTree = "<group>"; };
		2750729418E4857900A80C5A /* blockcache.cc */ = {isa = PBXFileReference; lastKnownFileType = sourcecode.cpp.cpp; path = blockcache.cc; sourceTree = "<group>"; };
		2750729518E4857900A80C5A /* btree_kv.cc */ = {isa = PBXFileReference; lastKnownFileType = sourcecode.cpp.cpp; path = btree_kv.cc; sourceTree = "<group>"; };
		2750729618E4857900A80C5A /* btree.cc */ = {isa = PBXFileReference; lastKnownFileType = sourcecode.cpp.cpp; path = btree.cc; sourceTree = "<group>"; };
		2750729718E4857900A80C5A /* btreeblock.cc */ = {isa = PBXFileReference; lastKnownFileType = sourcecode.cpp.cpp; path = btreeblock.cc; sourceTree = "<group>"; };
		2750729818E4857900A80C5A /* docio.cc */ = {isa = PBXFileReference; lastKnownFileType = sourcecode.cpp.cpp; path = docio.cc; sourceTree = "<group>"; };
		2750729918E4857900A80C5A /* filemgr_ops_linux.cc */ = {isa = PBXFileReference; lastKnownFileType = sourcecode.cpp.cpp; path = filemgr_ops_linux.cc; sourceTree = "<group>"; };
		2750729A18E4857900A80C5A /* filemgr_ops_windows.cc */ = {isa = PBXFileReference; lastKnownFileType = sourcecode.cpp.cpp; path = filemgr_ops_windows.cc; sourceTree = "<group>"; };
		2750729B18E4857900A80C5A /* filemgr_ops.cc */ = {isa = PBXFileReference; lastKnownFileType = sourcecode.cpp.cpp; path = filemgr_ops.cc; sourceTree = "<group>"; };
		2750729C18E4857900A80C5A /* filemgr.cc */ = {isa = PBXFileReference; lastKnownFileType = sourcecode.cpp.cpp; path = filemgr.cc; sourceTree = "<group>"; };
		2750729D18E4857900A80C5A /* forestdb.cc */ = {isa = PBXFileReference; lastKnownFileType = sourcecode.cpp.cpp; path = forestdb.cc; sourceTree = "<group>"; };
		2750729E18E4857900A80C5A /* hash_functions.cc */ = {isa = PBXFileReference; lastKnownFileType = sourcecode.cpp.cpp; path = hash_functions.cc; sourceTree = "<group>"; };
		2750729F18E4857900A80C5A /* hash.cc */ = {isa = PBXFileReference; lastKnownFileType = sourcecode.cpp.cpp; path = hash.cc; sourceTree = "<group>"; };
		275072A018E4857900A80C5A /* hbtrie.cc */ = {isa = PBXFileReference; lastKnownFileType = sourcecode.cpp.cpp; path = hbtrie.cc; sourceTree = "<group>"; };
		275072A118E4857900A80C5A /* iterator.cc */ = {isa = PBXFileReference; lastKnownFileType = sourcecode.cpp.cpp; path = iterator.cc; sourceTree = "<group>"; };
		275072A218E4857900A80C5A /* list.cc */ = {isa = PBXFileReference; lastKnownFileType = sourcecode.cpp.cpp; path = list.cc; sourceTree = "<group>"; };
		275072A318E4857900A80C5A /* wal.cc */ = {isa = PBXFileReference; lastKnownFileType = sourcecode.cpp.cpp; path = wal.cc; sourceTree = "<group>"; };
		275072AA18E4A68E00A80C5A /* CBForest Tests.xctest */ = {isa = PBXFileReference; explicitFileType = wrapper.cfbundle; includeInIndex = 0; path = "CBForest Tests.xctest"; sourceTree = BUILT_PRODUCTS_DIR; };
		275072AB18E4A68E00A80C5A /* XCTest.framework */ = {isa = PBXFileReference; lastKnownFileType = wrapper.framework; name = XCTest.framework; path = Library/Frameworks/XCTest.framework; sourceTree = DEVELOPER_DIR; };
		275072AF18E4A68E00A80C5A /* CBForest Tests-Info.plist */ = {isa = PBXFileReference; lastKnownFileType = text.plist.xml; path = "CBForest Tests-Info.plist"; sourceTree = "<group>"; };
		275072B118E4A68E00A80C5A /* en */ = {isa = PBXFileReference; lastKnownFileType = text.plist.strings; name = en; path = en.lproj/InfoPlist.strings; sourceTree = "<group>"; };
		275072B318E4A68E00A80C5A /* CBForest_Tests.m */ = {isa = PBXFileReference; lastKnownFileType = sourcecode.c.objc; path = CBForest_Tests.m; sourceTree = "<group>"; };
		275072B518E4A68E00A80C5A /* CBForest Tests-Prefix.pch */ = {isa = PBXFileReference; lastKnownFileType = sourcecode.c.h; path = "CBForest Tests-Prefix.pch"; sourceTree = "<group>"; };
		275072C318E4AA4400A80C5A /* libforestdb.a */ = {isa = PBXFileReference; explicitFileType = archive.ar; includeInIndex = 0; path = libforestdb.a; sourceTree = BUILT_PRODUCTS_DIR; };
		275072DC18E4ACE100A80C5A /* adv_random.h */ = {isa = PBXFileReference; fileEncoding = 4; lastKnownFileType = sourcecode.c.h; path = adv_random.h; sourceTree = "<group>"; };
		275072DD18E4ACE100A80C5A /* bitwise_utils.h */ = {isa = PBXFileReference; fileEncoding = 4; lastKnownFileType = sourcecode.c.h; path = bitwise_utils.h; sourceTree = "<group>"; };
		275072DE18E4ACE100A80C5A /* crc32.cc */ = {isa = PBXFileReference; fileEncoding = 4; lastKnownFileType = sourcecode.cpp.cpp; path = crc32.cc; sourceTree = "<group>"; };
		275072DF18E4ACE100A80C5A /* crc32.h */ = {isa = PBXFileReference; fileEncoding = 4; lastKnownFileType = sourcecode.c.h; path = crc32.h; sourceTree = "<group>"; };
		275072E118E4ACE100A80C5A /* debug.cc */ = {isa = PBXFileReference; fileEncoding = 4; lastKnownFileType = sourcecode.cpp.cpp; path = debug.cc; sourceTree = "<group>"; };
		275072E218E4ACE100A80C5A /* debug.h */ = {isa = PBXFileReference; fileEncoding = 4; lastKnownFileType = sourcecode.c.h; path = debug.h; sourceTree = "<group>"; };
		275072E618E4ACE100A80C5A /* iniparser.cc */ = {isa = PBXFileReference; fileEncoding = 4; lastKnownFileType = sourcecode.cpp.cpp; path = iniparser.cc; sourceTree = "<group>"; };
		275072E718E4ACE100A80C5A /* iniparser.h */ = {isa = PBXFileReference; fileEncoding = 4; lastKnownFileType = sourcecode.c.h; path = iniparser.h; sourceTree = "<group>"; };
		275072E918E4ACE100A80C5A /* memleak.cc */ = {isa = PBXFileReference; fileEncoding = 4; lastKnownFileType = sourcecode.cpp.cpp; path = memleak.cc; sourceTree = "<group>"; };
		275072EA18E4ACE100A80C5A /* memleak.h */ = {isa = PBXFileReference; fileEncoding = 4; lastKnownFileType = sourcecode.c.h; path = memleak.h; sourceTree = "<group>"; };
		275072EC18E4ACE100A80C5A /* stopwatch.cc */ = {isa = PBXFileReference; fileEncoding = 4; lastKnownFileType = sourcecode.cpp.cpp; path = stopwatch.cc; sourceTree = "<group>"; };
		275072ED18E4ACE100A80C5A /* stopwatch.h */ = {isa = PBXFileReference; fileEncoding = 4; lastKnownFileType = sourcecode.c.h; path = stopwatch.h; sourceTree = "<group>"; };
		275072EF18E4ACE100A80C5A /* time_utils.h */ = {isa = PBXFileReference; fileEncoding = 4; lastKnownFileType = sourcecode.c.h; path = time_utils.h; sourceTree = "<group>"; };
		2750730518E4E05100A80C5A /* CBForest.h */ = {isa = PBXFileReference; lastKnownFileType = sourcecode.c.h; path = CBForest.h; sourceTree = "<group>"; };
		2750730718E504FC00A80C5A /* rev_tree.c */ = {isa = PBXFileReference; fileEncoding = 4; lastKnownFileType = sourcecode.c.c; path = rev_tree.c; sourceTree = "<group>"; };
		2750730818E504FC00A80C5A /* rev_tree.h */ = {isa = PBXFileReference; fileEncoding = 4; lastKnownFileType = sourcecode.c.h; path = rev_tree.h; sourceTree = "<group>"; };
		2750730A18E5EB7200A80C5A /* RevTree_Tests.m */ = {isa = PBXFileReference; fileEncoding = 4; lastKnownFileType = sourcecode.c.objc; path = RevTree_Tests.m; sourceTree = "<group>"; };
		2750730E18E621C000A80C5A /* Versions_Tests.m */ = {isa = PBXFileReference; fileEncoding = 4; lastKnownFileType = sourcecode.c.objc; path = Versions_Tests.m; sourceTree = "<group>"; };
		2750731018E6493F00A80C5A /* forestdb_types.h */ = {isa = PBXFileReference; lastKnownFileType = sourcecode.c.h; name = forestdb_types.h; path = libforestdb/forestdb_types.h; sourceTree = "<group>"; };
		2750731118E6493F00A80C5A /* forestdb.h */ = {isa = PBXFileReference; lastKnownFileType = sourcecode.c.h; name = forestdb.h; path = libforestdb/forestdb.h; sourceTree = "<group>"; };
		2750731218E6499800A80C5A /* btree_prefix_kv.h */ = {isa = PBXFileReference; fileEncoding = 4; lastKnownFileType = sourcecode.c.h; path = btree_prefix_kv.h; sourceTree = "<group>"; };
		2750731318E6499800A80C5A /* btree_prefix_kv.cc */ = {isa = PBXFileReference; fileEncoding = 4; lastKnownFileType = sourcecode.cpp.cpp; path = btree_prefix_kv.cc; sourceTree = "<group>"; };
		27FDFC0018EA58BF00AC4647 /* varint.c */ = {isa = PBXFileReference; fileEncoding = 4; lastKnownFileType = sourcecode.c.c; path = varint.c; sourceTree = "<group>"; };
		27FDFC0218EA58DA00AC4647 /* varint.h */ = {isa = PBXFileReference; lastKnownFileType = sourcecode.c.h; path = varint.h; sourceTree = "<group>"; };
		27FDFC0418EB803F00AC4647 /* CBForestIndex.h */ = {isa = PBXFileReference; fileEncoding = 4; lastKnownFileType = sourcecode.c.h; path = CBForestIndex.h; sourceTree = "<group>"; };
		27FDFC0518EB803F00AC4647 /* CBForestIndex.m */ = {isa = PBXFileReference; fileEncoding = 4; lastKnownFileType = sourcecode.c.objc; path = CBForestIndex.m; sourceTree = "<group>"; };
		27FDFC0818EC584500AC4647 /* Index_Tests.m */ = {isa = PBXFileReference; fileEncoding = 4; lastKnownFileType = sourcecode.c.objc; path = Index_Tests.m; sourceTree = "<group>"; };
		27FDFC0C18EC609000AC4647 /* CBLCollateJSON.h */ = {isa = PBXFileReference; fileEncoding = 4; lastKnownFileType = sourcecode.c.h; path = CBLCollateJSON.h; sourceTree = "<group>"; };
		27FDFC0D18EC609000AC4647 /* CBLCollateJSON.m */ = {isa = PBXFileReference; fileEncoding = 4; lastKnownFileType = sourcecode.c.objc; path = CBLCollateJSON.m; sourceTree = "<group>"; };
/* End PBXFileReference section */

/* Begin PBXFrameworksBuildPhase section */
		2750723818E3E52800A80C5A /* Frameworks */ = {
			isa = PBXFrameworksBuildPhase;
			buildActionMask = 2147483647;
			files = (
				275072DA18E4ACA900A80C5A /* libforestdb.a in Frameworks */,
				2750723F18E3E52800A80C5A /* Foundation.framework in Frameworks */,
			);
			runOnlyForDeploymentPostprocessing = 0;
		};
		275072A718E4A68E00A80C5A /* Frameworks */ = {
			isa = PBXFrameworksBuildPhase;
			buildActionMask = 2147483647;
			files = (
				2750730418E4AD4700A80C5A /* libforestdb.a in Frameworks */,
				275072AC18E4A68E00A80C5A /* XCTest.framework in Frameworks */,
			);
			runOnlyForDeploymentPostprocessing = 0;
		};
		275072C018E4AA4400A80C5A /* Frameworks */ = {
			isa = PBXFrameworksBuildPhase;
			buildActionMask = 2147483647;
			files = (
			);
			runOnlyForDeploymentPostprocessing = 0;
		};
/* End PBXFrameworksBuildPhase section */

/* Begin PBXGroup section */
		2750723218E3E52800A80C5A = {
			isa = PBXGroup;
			children = (
				2750724018E3E52800A80C5A /* CBForest */,
				2750725A18E3E6E100A80C5A /* forestdb */,
				275072AD18E4A68E00A80C5A /* CBForest Tests */,
				2750723D18E3E52800A80C5A /* Frameworks */,
				2750723C18E3E52800A80C5A /* Products */,
			);
			sourceTree = "<group>";
		};
		2750723C18E3E52800A80C5A /* Products */ = {
			isa = PBXGroup;
			children = (
				2750723B18E3E52800A80C5A /* CBForest */,
				275072AA18E4A68E00A80C5A /* CBForest Tests.xctest */,
				275072C318E4AA4400A80C5A /* libforestdb.a */,
			);
			name = Products;
			sourceTree = "<group>";
		};
		2750723D18E3E52800A80C5A /* Frameworks */ = {
			isa = PBXGroup;
			children = (
				2750724C18E3E5BB00A80C5A /* libforestdb.dylib */,
				2750723E18E3E52800A80C5A /* Foundation.framework */,
				275072AB18E4A68E00A80C5A /* XCTest.framework */,
			);
			name = Frameworks;
			sourceTree = "<group>";
		};
		2750724018E3E52800A80C5A /* CBForest */ = {
			isa = PBXGroup;
			children = (
				2750730518E4E05100A80C5A /* CBForest.h */,
				2750724E18E3E60900A80C5A /* CBForestDB.h */,
				2750724F18E3E60900A80C5A /* CBForestDB.m */,
				2750725018E3E60900A80C5A /* CBForestDocument.h */,
				2750725118E3E60900A80C5A /* CBForestDocument.m */,
				2750725218E3E60900A80C5A /* CBForestVersions.h */,
				2750725318E3E60900A80C5A /* CBForestVersions.m */,
				2750725418E3E60900A80C5A /* CBForestPrivate.h */,
				2750725518E3E60900A80C5A /* CBForestPrivate.m */,
				27FDFC0418EB803F00AC4647 /* CBForestIndex.h */,
				27FDFC0518EB803F00AC4647 /* CBForestIndex.m */,
				27FDFC0C18EC609000AC4647 /* CBLCollateJSON.h */,
				27FDFC0D18EC609000AC4647 /* CBLCollateJSON.m */,
				2750730718E504FC00A80C5A /* rev_tree.c */,
				2750730818E504FC00A80C5A /* rev_tree.h */,
				27FDFC0018EA58BF00AC4647 /* varint.c */,
				27FDFC0218EA58DA00AC4647 /* varint.h */,
				2740498318E7A32A0036333A /* forestdb_x.cc */,
				2740498518E7A3360036333A /* forestdb_x.h */,
				2750724318E3E52800A80C5A /* Supporting Files */,
			);
			path = CBForest;
			sourceTree = "<group>";
		};
		2750724318E3E52800A80C5A /* Supporting Files */ = {
			isa = PBXGroup;
			children = (
				2750724118E3E52800A80C5A /* main.m */,
				2750724418E3E52800A80C5A /* CBForest-Prefix.pch */,
			);
			name = "Supporting Files";
			sourceTree = "<group>";
		};
		2750725A18E3E6E100A80C5A /* forestdb */ = {
			isa = PBXGroup;
			children = (
				2750725E18E3E72900A80C5A /* include */,
				2750726018E3E72900A80C5A /* option */,
				2750726218E3E72900A80C5A /* src */,
				275072DB18E4ACE100A80C5A /* utils */,
			);
			name = forestdb;
			path = vendor/forestdb;
			sourceTree = "<group>";
		};
		2750725E18E3E72900A80C5A /* include */ = {
			isa = PBXGroup;
			children = (
				2750731018E6493F00A80C5A /* forestdb_types.h */,
				2750731118E6493F00A80C5A /* forestdb.h */,
			);
			path = include;
			sourceTree = "<group>";
		};
		2750726018E3E72900A80C5A /* option */ = {
			isa = PBXGroup;
			children = (
				2750726118E3E72900A80C5A /* option.h */,
			);
			path = option;
			sourceTree = "<group>";
		};
		2750726218E3E72900A80C5A /* src */ = {
			isa = PBXGroup;
			children = (
				2750729318E4857900A80C5A /* avltree.cc */,
				2750729418E4857900A80C5A /* blockcache.cc */,
				2750729518E4857900A80C5A /* btree_kv.cc */,
				2750729618E4857900A80C5A /* btree.cc */,
				2750729718E4857900A80C5A /* btreeblock.cc */,
				2750731318E6499800A80C5A /* btree_prefix_kv.cc */,
				2750729818E4857900A80C5A /* docio.cc */,
				2750729918E4857900A80C5A /* filemgr_ops_linux.cc */,
				2750729A18E4857900A80C5A /* filemgr_ops_windows.cc */,
				2750729B18E4857900A80C5A /* filemgr_ops.cc */,
				2750729C18E4857900A80C5A /* filemgr.cc */,
				2750729D18E4857900A80C5A /* forestdb.cc */,
				2750729E18E4857900A80C5A /* hash_functions.cc */,
				2750729F18E4857900A80C5A /* hash.cc */,
				275072A018E4857900A80C5A /* hbtrie.cc */,
				275072A118E4857900A80C5A /* iterator.cc */,
				275072A218E4857900A80C5A /* list.cc */,
				275072A318E4857900A80C5A /* wal.cc */,
				2750726318E3E72900A80C5A /* arch.h */,
				2750726518E3E72900A80C5A /* avltree.h */,
				2750726718E3E72900A80C5A /* blockcache.h */,
				2750726A18E3E72900A80C5A /* btree.h */,
				2750726D18E3E72900A80C5A /* btree_kv.h */,
				2750727018E3E72900A80C5A /* btreeblock.h */,
				2750731218E6499800A80C5A /* btree_prefix_kv.h */,
				2750727218E3E72900A80C5A /* common.h */,
				2750727418E3E72900A80C5A /* docio.h */,
				2750727718E3E72900A80C5A /* filemgr.h */,
				2750727A18E3E72900A80C5A /* filemgr_ops.h */,
				2750728118E3E72900A80C5A /* hash.h */,
				2750728418E3E72900A80C5A /* hash_functions.h */,
				2750728718E3E72900A80C5A /* hbtrie.h */,
				2750728B18E3E72900A80C5A /* list.h */,
				2750729118E3E72900A80C5A /* wal.h */,
			);
			path = src;
			sourceTree = "<group>";
		};
		275072AD18E4A68E00A80C5A /* CBForest Tests */ = {
			isa = PBXGroup;
			children = (
				275072B318E4A68E00A80C5A /* CBForest_Tests.m */,
				2750730A18E5EB7200A80C5A /* RevTree_Tests.m */,
				2750730E18E621C000A80C5A /* Versions_Tests.m */,
				27FDFC0818EC584500AC4647 /* Index_Tests.m */,
				275072AE18E4A68E00A80C5A /* Supporting Files */,
			);
			path = "CBForest Tests";
			sourceTree = "<group>";
		};
		275072AE18E4A68E00A80C5A /* Supporting Files */ = {
			isa = PBXGroup;
			children = (
				275072AF18E4A68E00A80C5A /* CBForest Tests-Info.plist */,
				275072B018E4A68E00A80C5A /* InfoPlist.strings */,
				275072B518E4A68E00A80C5A /* CBForest Tests-Prefix.pch */,
			);
			name = "Supporting Files";
			sourceTree = "<group>";
		};
		275072DB18E4ACE100A80C5A /* utils */ = {
			isa = PBXGroup;
			children = (
				275072DC18E4ACE100A80C5A /* adv_random.h */,
				275072DD18E4ACE100A80C5A /* bitwise_utils.h */,
				275072DE18E4ACE100A80C5A /* crc32.cc */,
				275072DF18E4ACE100A80C5A /* crc32.h */,
				275072E118E4ACE100A80C5A /* debug.cc */,
				275072E218E4ACE100A80C5A /* debug.h */,
				275072E618E4ACE100A80C5A /* iniparser.cc */,
				275072E718E4ACE100A80C5A /* iniparser.h */,
				275072E918E4ACE100A80C5A /* memleak.cc */,
				275072EA18E4ACE100A80C5A /* memleak.h */,
				275072EC18E4ACE100A80C5A /* stopwatch.cc */,
				275072ED18E4ACE100A80C5A /* stopwatch.h */,
				275072EF18E4ACE100A80C5A /* time_utils.h */,
			);
			path = utils;
			sourceTree = "<group>";
		};
/* End PBXGroup section */

/* Begin PBXHeadersBuildPhase section */
		275072C118E4AA4400A80C5A /* Headers */ = {
			isa = PBXHeadersBuildPhase;
			buildActionMask = 2147483647;
			files = (
				275072FB18E4ACE100A80C5A /* iniparser.h in Headers */,
				275072FE18E4ACE100A80C5A /* memleak.h in Headers */,
				2750730318E4ACE100A80C5A /* time_utils.h in Headers */,
				275072F618E4ACE100A80C5A /* debug.h in Headers */,
				275072F318E4ACE100A80C5A /* crc32.h in Headers */,
				275072F118E4ACE100A80C5A /* bitwise_utils.h in Headers */,
				2750731418E6499800A80C5A /* btree_prefix_kv.h in Headers */,
				2750730118E4ACE100A80C5A /* stopwatch.h in Headers */,
				275072F018E4ACE100A80C5A /* adv_random.h in Headers */,
			);
			runOnlyForDeploymentPostprocessing = 0;
		};
/* End PBXHeadersBuildPhase section */

/* Begin PBXNativeTarget section */
		2750723A18E3E52800A80C5A /* CBForest */ = {
			isa = PBXNativeTarget;
			buildConfigurationList = 2750724918E3E52800A80C5A /* Build configuration list for PBXNativeTarget "CBForest" */;
			buildPhases = (
				2750723718E3E52800A80C5A /* Sources */,
				2750723818E3E52800A80C5A /* Frameworks */,
				2750723918E3E52800A80C5A /* CopyFiles */,
			);
			buildRules = (
			);
			dependencies = (
				275072D918E4ACA400A80C5A /* PBXTargetDependency */,
			);
			name = CBForest;
			productName = CBForest;
			productReference = 2750723B18E3E52800A80C5A /* CBForest */;
			productType = "com.apple.product-type.tool";
		};
		275072A918E4A68E00A80C5A /* CBForest Tests */ = {
			isa = PBXNativeTarget;
			buildConfigurationList = 275072B818E4A68E00A80C5A /* Build configuration list for PBXNativeTarget "CBForest Tests" */;
			buildPhases = (
				275072A618E4A68E00A80C5A /* Sources */,
				275072A718E4A68E00A80C5A /* Frameworks */,
				275072A818E4A68E00A80C5A /* Resources */,
			);
			buildRules = (
			);
			dependencies = (
				275072B718E4A68E00A80C5A /* PBXTargetDependency */,
			);
			name = "CBForest Tests";
			productName = "CBForest Tests";
			productReference = 275072AA18E4A68E00A80C5A /* CBForest Tests.xctest */;
			productType = "com.apple.product-type.bundle.unit-test";
		};
		275072C218E4AA4400A80C5A /* forestdb */ = {
			isa = PBXNativeTarget;
			buildConfigurationList = 275072C418E4AA4400A80C5A /* Build configuration list for PBXNativeTarget "forestdb" */;
			buildPhases = (
				275072BF18E4AA4400A80C5A /* Sources */,
				275072C018E4AA4400A80C5A /* Frameworks */,
				275072C118E4AA4400A80C5A /* Headers */,
			);
			buildRules = (
			);
			dependencies = (
			);
			name = forestdb;
			productName = forestdb;
			productReference = 275072C318E4AA4400A80C5A /* libforestdb.a */;
			productType = "com.apple.product-type.library.static";
		};
/* End PBXNativeTarget section */

/* Begin PBXProject section */
		2750723318E3E52800A80C5A /* Project object */ = {
			isa = PBXProject;
			attributes = {
				LastUpgradeCheck = 0510;
				ORGANIZATIONNAME = Couchbase;
				TargetAttributes = {
					275072A918E4A68E00A80C5A = {
						TestTargetID = 2750723A18E3E52800A80C5A;
					};
				};
			};
			buildConfigurationList = 2750723618E3E52800A80C5A /* Build configuration list for PBXProject "CBForest" */;
			compatibilityVersion = "Xcode 3.2";
			developmentRegion = English;
			hasScannedForEncodings = 0;
			knownRegions = (
				en,
			);
			mainGroup = 2750723218E3E52800A80C5A;
			productRefGroup = 2750723C18E3E52800A80C5A /* Products */;
			projectDirPath = "";
			projectRoot = "";
			targets = (
				2750723A18E3E52800A80C5A /* CBForest */,
				275072A918E4A68E00A80C5A /* CBForest Tests */,
				275072C218E4AA4400A80C5A /* forestdb */,
			);
		};
/* End PBXProject section */

/* Begin PBXResourcesBuildPhase section */
		275072A818E4A68E00A80C5A /* Resources */ = {
			isa = PBXResourcesBuildPhase;
			buildActionMask = 2147483647;
			files = (
				275072B218E4A68E00A80C5A /* InfoPlist.strings in Resources */,
			);
			runOnlyForDeploymentPostprocessing = 0;
		};
/* End PBXResourcesBuildPhase section */

/* Begin PBXSourcesBuildPhase section */
		2750723718E3E52800A80C5A /* Sources */ = {
			isa = PBXSourcesBuildPhase;
			buildActionMask = 2147483647;
			files = (
				2750730618E5049C00A80C5A /* CBForestVersions.m in Sources */,
				2750725718E3E60900A80C5A /* CBForestDocument.m in Sources */,
				27FDFC0E18EC609000AC4647 /* CBLCollateJSON.m in Sources */,
				27FDFC0618EB803F00AC4647 /* CBForestIndex.m in Sources */,
				2740498618E7A3D10036333A /* forestdb_x.cc in Sources */,
				2750725618E3E60900A80C5A /* CBForestDB.m in Sources */,
				2750730918E504FC00A80C5A /* rev_tree.c in Sources */,
				27FDFC0118EA58BF00AC4647 /* varint.c in Sources */,
				2750724218E3E52800A80C5A /* main.m in Sources */,
				2750725918E3E60900A80C5A /* CBForestPrivate.m in Sources */,
			);
			runOnlyForDeploymentPostprocessing = 0;
		};
		275072A618E4A68E00A80C5A /* Sources */ = {
			isa = PBXSourcesBuildPhase;
			buildActionMask = 2147483647;
			files = (
				2740498718E7DF770036333A /* forestdb_x.cc in Sources */,
				275072B418E4A68E00A80C5A /* CBForest_Tests.m in Sources */,
				275072BC18E4A81F00A80C5A /* CBForestDocument.m in Sources */,
				27FDFC0318EA875100AC4647 /* varint.c in Sources */,
				27FDFC0F18EC609000AC4647 /* CBLCollateJSON.m in Sources */,
				2750730B18E5EB7200A80C5A /* RevTree_Tests.m in Sources */,
				2750730C18E5ECCA00A80C5A /* rev_tree.c in Sources */,
				275072BB18E4A81F00A80C5A /* CBForestDB.m in Sources */,
				275072BD18E4A81F00A80C5A /* CBForestPrivate.m in Sources */,
				27FDFC0718EB803F00AC4647 /* CBForestIndex.m in Sources */,
				2750730F18E621C000A80C5A /* Versions_Tests.m in Sources */,
				27FDFC0918EC584500AC4647 /* Index_Tests.m in Sources */,
				2750730D18E5ECCE00A80C5A /* CBForestVersions.m in Sources */,
			);
			runOnlyForDeploymentPostprocessing = 0;
		};
		275072BF18E4AA4400A80C5A /* Sources */ = {
			isa = PBXSourcesBuildPhase;
			buildActionMask = 2147483647;
			files = (
				275072CC18E4AA5000A80C5A /* docio.cc in Sources */,
				275072FA18E4ACE100A80C5A /* iniparser.cc in Sources */,
				275072CB18E4AA5000A80C5A /* btreeblock.cc in Sources */,
				275072FD18E4ACE100A80C5A /* memleak.cc in Sources */,
				275072D018E4AA5000A80C5A /* filemgr.cc in Sources */,
				275072D418E4AA5000A80C5A /* hbtrie.cc in Sources */,
				275072D718E4AA5000A80C5A /* wal.cc in Sources */,
				275072F218E4ACE100A80C5A /* crc32.cc in Sources */,
				275072C818E4AA5000A80C5A /* blockcache.cc in Sources */,
				275072CE18E4AA5000A80C5A /* filemgr_ops_windows.cc in Sources */,
				275072C918E4AA5000A80C5A /* btree_kv.cc in Sources */,
				275072D618E4AA5000A80C5A /* list.cc in Sources */,
				275072D118E4AA5000A80C5A /* forestdb.cc in Sources */,
				2750731518E6499800A80C5A /* btree_prefix_kv.cc in Sources */,
				275072CA18E4AA5000A80C5A /* btree.cc in Sources */,
				275072CF18E4AA5000A80C5A /* filemgr_ops.cc in Sources */,
				2750730018E4ACE100A80C5A /* stopwatch.cc in Sources */,
				275072D218E4AA5000A80C5A /* hash_functions.cc in Sources */,
				275072D518E4AA5000A80C5A /* iterator.cc in Sources */,
				275072D318E4AA5000A80C5A /* hash.cc in Sources */,
				275072C718E4AA5000A80C5A /* avltree.cc in Sources */,
				275072CD18E4AA5000A80C5A /* filemgr_ops_linux.cc in Sources */,
				275072F518E4ACE100A80C5A /* debug.cc in Sources */,
			);
			runOnlyForDeploymentPostprocessing = 0;
		};
/* End PBXSourcesBuildPhase section */

/* Begin PBXTargetDependency section */
		275072B718E4A68E00A80C5A /* PBXTargetDependency */ = {
			isa = PBXTargetDependency;
			target = 2750723A18E3E52800A80C5A /* CBForest */;
			targetProxy = 275072B618E4A68E00A80C5A /* PBXContainerItemProxy */;
		};
		275072D918E4ACA400A80C5A /* PBXTargetDependency */ = {
			isa = PBXTargetDependency;
			target = 275072C218E4AA4400A80C5A /* forestdb */;
			targetProxy = 275072D818E4ACA400A80C5A /* PBXContainerItemProxy */;
		};
/* End PBXTargetDependency section */

/* Begin PBXVariantGroup section */
		275072B018E4A68E00A80C5A /* InfoPlist.strings */ = {
			isa = PBXVariantGroup;
			children = (
				275072B118E4A68E00A80C5A /* en */,
			);
			name = InfoPlist.strings;
			sourceTree = "<group>";
		};
/* End PBXVariantGroup section */

/* Begin XCBuildConfiguration section */
		2750724718E3E52800A80C5A /* Debug */ = {
			isa = XCBuildConfiguration;
			buildSettings = {
				ALWAYS_SEARCH_USER_PATHS = NO;
				CLANG_CXX_LANGUAGE_STANDARD = "gnu++0x";
				CLANG_CXX_LIBRARY = "libc++";
				CLANG_ENABLE_MODULES = YES;
				CLANG_ENABLE_OBJC_ARC = YES;
				CLANG_WARN_BOOL_CONVERSION = YES;
				CLANG_WARN_CONSTANT_CONVERSION = YES;
				CLANG_WARN_DIRECT_OBJC_ISA_USAGE = YES_ERROR;
				CLANG_WARN_EMPTY_BODY = YES;
				CLANG_WARN_ENUM_CONVERSION = YES;
				CLANG_WARN_INT_CONVERSION = YES;
				CLANG_WARN_OBJC_MISSING_PROPERTY_SYNTHESIS = YES;
				CLANG_WARN_OBJC_ROOT_CLASS = YES_ERROR;
				CLANG_WARN__DUPLICATE_METHOD_MATCH = YES;
				COPY_PHASE_STRIP = NO;
				GCC_C_LANGUAGE_STANDARD = gnu99;
				GCC_DYNAMIC_NO_PIC = NO;
				GCC_ENABLE_OBJC_EXCEPTIONS = YES;
				GCC_OPTIMIZATION_LEVEL = 0;
				GCC_PREPROCESSOR_DEFINITIONS = (
					"DEBUG=1",
					"$(inherited)",
				);
				GCC_SYMBOLS_PRIVATE_EXTERN = NO;
				GCC_TREAT_IMPLICIT_FUNCTION_DECLARATIONS_AS_ERRORS = YES;
				GCC_TREAT_WARNINGS_AS_ERRORS = YES;
				GCC_WARN_64_TO_32_BIT_CONVERSION = YES;
				GCC_WARN_ABOUT_RETURN_TYPE = YES_ERROR;
				GCC_WARN_UNDECLARED_SELECTOR = YES;
				GCC_WARN_UNINITIALIZED_AUTOS = YES_AGGRESSIVE;
				GCC_WARN_UNUSED_FUNCTION = YES;
				GCC_WARN_UNUSED_VARIABLE = YES;
				MACOSX_DEPLOYMENT_TARGET = 10.9;
				ONLY_ACTIVE_ARCH = YES;
				SDKROOT = macosx;
			};
			name = Debug;
		};
		2750724818E3E52800A80C5A /* Release */ = {
			isa = XCBuildConfiguration;
			buildSettings = {
				ALWAYS_SEARCH_USER_PATHS = NO;
				CLANG_CXX_LANGUAGE_STANDARD = "gnu++0x";
				CLANG_CXX_LIBRARY = "libc++";
				CLANG_ENABLE_MODULES = YES;
				CLANG_ENABLE_OBJC_ARC = YES;
				CLANG_WARN_BOOL_CONVERSION = YES;
				CLANG_WARN_CONSTANT_CONVERSION = YES;
				CLANG_WARN_DIRECT_OBJC_ISA_USAGE = YES_ERROR;
				CLANG_WARN_EMPTY_BODY = YES;
				CLANG_WARN_ENUM_CONVERSION = YES;
				CLANG_WARN_INT_CONVERSION = YES;
				CLANG_WARN_OBJC_MISSING_PROPERTY_SYNTHESIS = YES;
				CLANG_WARN_OBJC_ROOT_CLASS = YES_ERROR;
				CLANG_WARN__DUPLICATE_METHOD_MATCH = YES;
				COPY_PHASE_STRIP = YES;
				DEBUG_INFORMATION_FORMAT = "dwarf-with-dsym";
				ENABLE_NS_ASSERTIONS = NO;
				GCC_C_LANGUAGE_STANDARD = gnu99;
				GCC_ENABLE_OBJC_EXCEPTIONS = YES;
				GCC_TREAT_IMPLICIT_FUNCTION_DECLARATIONS_AS_ERRORS = YES;
				GCC_TREAT_WARNINGS_AS_ERRORS = YES;
				GCC_WARN_64_TO_32_BIT_CONVERSION = YES;
				GCC_WARN_ABOUT_RETURN_TYPE = YES_ERROR;
				GCC_WARN_UNDECLARED_SELECTOR = YES;
				GCC_WARN_UNINITIALIZED_AUTOS = YES_AGGRESSIVE;
				GCC_WARN_UNUSED_FUNCTION = YES;
				GCC_WARN_UNUSED_VARIABLE = YES;
				MACOSX_DEPLOYMENT_TARGET = 10.9;
				SDKROOT = macosx;
			};
			name = Release;
		};
		2750724A18E3E52800A80C5A /* Debug */ = {
			isa = XCBuildConfiguration;
			buildSettings = {
				GCC_PRECOMPILE_PREFIX_HEADER = YES;
				GCC_PREFIX_HEADER = "CBForest/CBForest-Prefix.pch";
				HEADER_SEARCH_PATHS = (
					"$(inherited)",
					/Applications/Xcode.app/Contents/Developer/Toolchains/XcodeDefault.xctoolchain/usr/include,
					"$(SRCROOT)/vendor/forestdb/include/libforestdb",
					"$(SRCROOT)/vendor/forestdb/src",
					"$(SRCROOT)/vendor/forestdb/option",
					"$(SRCROOT)",
				);
				LIBRARY_SEARCH_PATHS = (
					"$(inherited)",
					"$(PROJECT_DIR)/vendor/forestdb/build",
				);
				PRODUCT_NAME = "$(TARGET_NAME)";
			};
			name = Debug;
		};
		2750724B18E3E52800A80C5A /* Release */ = {
			isa = XCBuildConfiguration;
			buildSettings = {
				GCC_PRECOMPILE_PREFIX_HEADER = YES;
				GCC_PREFIX_HEADER = "CBForest/CBForest-Prefix.pch";
				HEADER_SEARCH_PATHS = (
					"$(inherited)",
					/Applications/Xcode.app/Contents/Developer/Toolchains/XcodeDefault.xctoolchain/usr/include,
					"$(SRCROOT)/vendor/forestdb/include/libforestdb",
					"$(SRCROOT)/vendor/forestdb/src",
					"$(SRCROOT)/vendor/forestdb/option",
					"$(SRCROOT)",
				);
				LIBRARY_SEARCH_PATHS = (
					"$(inherited)",
					"$(PROJECT_DIR)/vendor/forestdb/build",
				);
				PRODUCT_NAME = "$(TARGET_NAME)";
			};
			name = Release;
		};
		275072B918E4A68E00A80C5A /* Debug */ = {
			isa = XCBuildConfiguration;
			buildSettings = {
				GCC_PRECOMPILE_PREFIX_HEADER = YES;
				GCC_PREFIX_HEADER = "CBForest Tests/CBForest Tests-Prefix.pch";
				GCC_PREPROCESSOR_DEFINITIONS = (
					"DEBUG=1",
					"$(inherited)",
				);
				HEADER_SEARCH_PATHS = (
					"$(inherited)",
					/Applications/Xcode.app/Contents/Developer/Toolchains/XcodeDefault.xctoolchain/usr/include,
					"$(SRCROOT)",
					"$(SRCROOT)/vendor/forestdb/include/libforestdb",
				);
				INFOPLIST_FILE = "CBForest Tests/CBForest Tests-Info.plist";
				LIBRARY_SEARCH_PATHS = (
					"$(inherited)",
					"$(PROJECT_DIR)/vendor/forestdb/build",
				);
				PRODUCT_NAME = "$(TARGET_NAME)";
				WRAPPER_EXTENSION = xctest;
			};
			name = Debug;
		};
		275072BA18E4A68E00A80C5A /* Release */ = {
			isa = XCBuildConfiguration;
			buildSettings = {
				GCC_PRECOMPILE_PREFIX_HEADER = YES;
				GCC_PREFIX_HEADER = "CBForest Tests/CBForest Tests-Prefix.pch";
				HEADER_SEARCH_PATHS = (
					"$(inherited)",
					/Applications/Xcode.app/Contents/Developer/Toolchains/XcodeDefault.xctoolchain/usr/include,
					"$(SRCROOT)",
					"$(SRCROOT)/vendor/forestdb/include/libforestdb",
				);
				INFOPLIST_FILE = "CBForest Tests/CBForest Tests-Info.plist";
				LIBRARY_SEARCH_PATHS = (
					"$(inherited)",
					"$(PROJECT_DIR)/vendor/forestdb/build",
				);
				PRODUCT_NAME = "$(TARGET_NAME)";
				WRAPPER_EXTENSION = xctest;
			};
			name = Release;
		};
		275072C518E4AA4400A80C5A /* Debug */ = {
			isa = XCBuildConfiguration;
			buildSettings = {
				EXECUTABLE_PREFIX = lib;
				GCC_PREPROCESSOR_DEFINITIONS = (
					"DEBUG=1",
					"$(inherited)",
				);
				GCC_TREAT_WARNINGS_AS_ERRORS = NO;
				GCC_WARN_64_TO_32_BIT_CONVERSION = NO;
				GCC_WARN_UNUSED_FUNCTION = NO;
				GCC_WARN_UNUSED_VARIABLE = NO;
				HEADER_SEARCH_PATHS = (
					"$(inherited)",
					"vendor/forestdb/**",
				);
				PRODUCT_NAME = "$(TARGET_NAME)";
			};
			name = Debug;
		};
		275072C618E4AA4400A80C5A /* Release */ = {
			isa = XCBuildConfiguration;
			buildSettings = {
				EXECUTABLE_PREFIX = lib;
				GCC_TREAT_WARNINGS_AS_ERRORS = NO;
				GCC_WARN_64_TO_32_BIT_CONVERSION = NO;
				GCC_WARN_UNUSED_FUNCTION = NO;
				GCC_WARN_UNUSED_VARIABLE = NO;
				HEADER_SEARCH_PATHS = (
					"$(inherited)",
					"vendor/forestdb/**",
				);
				PRODUCT_NAME = "$(TARGET_NAME)";
			};
			name = Release;
		};
/* End XCBuildConfiguration section */

/* Begin XCConfigurationList section */
		2750723618E3E52800A80C5A /* Build configuration list for PBXProject "CBForest" */ = {
			isa = XCConfigurationList;
			buildConfigurations = (
				2750724718E3E52800A80C5A /* Debug */,
				2750724818E3E52800A80C5A /* Release */,
			);
			defaultConfigurationIsVisible = 0;
			defaultConfigurationName = Release;
		};
		2750724918E3E52800A80C5A /* Build configuration list for PBXNativeTarget "CBForest" */ = {
			isa = XCConfigurationList;
			buildConfigurations = (
				2750724A18E3E52800A80C5A /* Debug */,
				2750724B18E3E52800A80C5A /* Release */,
			);
			defaultConfigurationIsVisible = 0;
			defaultConfigurationName = Release;
		};
		275072B818E4A68E00A80C5A /* Build configuration list for PBXNativeTarget "CBForest Tests" */ = {
			isa = XCConfigurationList;
			buildConfigurations = (
				275072B918E4A68E00A80C5A /* Debug */,
				275072BA18E4A68E00A80C5A /* Release */,
			);
			defaultConfigurationIsVisible = 0;
			defaultConfigurationName = Release;
		};
		275072C418E4AA4400A80C5A /* Build configuration list for PBXNativeTarget "forestdb" */ = {
			isa = XCConfigurationList;
			buildConfigurations = (
				275072C518E4AA4400A80C5A /* Debug */,
				275072C618E4AA4400A80C5A /* Release */,
			);
			defaultConfigurationIsVisible = 0;
			defaultConfigurationName = Release;
		};
/* End XCConfigurationList section */
	};
	rootObject = 2750723318E3E52800A80C5A /* Project object */;
}
