<?xml version="1.0" encoding="utf-8"?>
<Project ToolsVersion="4.0" xmlns="http://schemas.microsoft.com/developer/msbuild/2003">
  <ItemGroup>
    <Filter Include="Source Files">
      <UniqueIdentifier>{4FC737F1-C7A5-4376-A066-2A32D752A2FF}</UniqueIdentifier>
      <Extensions>cpp;c;cc;cxx;def;odl;idl;hpj;bat;asm;asmx</Extensions>
    </Filter>
    <Filter Include="Header Files">
      <UniqueIdentifier>{93995380-89BD-4b04-88EB-625FBE52EBFB}</UniqueIdentifier>
      <Extensions>h;hh;hpp;hxx;hm;inl;inc;xsd</Extensions>
    </Filter>
    <Filter Include="Resource Files">
      <UniqueIdentifier>{67DA6AB6-F800-4c08-8B7A-83BB121AAD01}</UniqueIdentifier>
      <Extensions>rc;ico;cur;bmp;dlg;rc2;rct;bin;rgs;gif;jpg;jpeg;jpe;resx;tiff;tif;png;wav;mfcribbon-ms</Extensions>
    </Filter>
    <Filter Include="Source Files\Storage">
      <UniqueIdentifier>{605eebca-8588-4ee7-8e06-b10884cdcd7f}</UniqueIdentifier>
    </Filter>
    <Filter Include="Source Files\VersionVectors">
      <UniqueIdentifier>{4aecef4a-24d1-4477-80ec-bceabbd37603}</UniqueIdentifier>
    </Filter>
    <Filter Include="Source Files\Rev-Trees">
      <UniqueIdentifier>{21af922f-30b9-4ac1-b474-410f240fd181}</UniqueIdentifier>
    </Filter>
    <Filter Include="Source Files\Indexes">
      <UniqueIdentifier>{7da5b763-52a7-4930-bbc1-5d3e5c80e8f3}</UniqueIdentifier>
    </Filter>
    <Filter Include="Source Files\Support">
      <UniqueIdentifier>{6f50d2b8-9aba-48d5-9aed-571d3d820286}</UniqueIdentifier>
    </Filter>
    <Filter Include="Source Files\C API">
      <UniqueIdentifier>{1a0cfc12-efad-4f20-afc9-a7208554837c}</UniqueIdentifier>
    </Filter>
    <Filter Include="Source Files\Unicodesn">
      <UniqueIdentifier>{c827db91-af8c-4d8e-82e8-060b7ecf4fef}</UniqueIdentifier>
    </Filter>
    <Filter Include="Source Files\BlobStore">
      <UniqueIdentifier>{f0999a07-3d2b-42a3-8a32-7080d1c11df2}</UniqueIdentifier>
    </Filter>
  </ItemGroup>
  <ItemGroup>
    <ClCompile Include="..\LiteCore\Storage\DataFile.cc">
      <Filter>Source Files\Storage</Filter>
    </ClCompile>
    <ClCompile Include="..\LiteCore\Storage\ForestDataFile.cc">
      <Filter>Source Files\Storage</Filter>
    </ClCompile>
    <ClCompile Include="..\LiteCore\Storage\KeyStore.cc">
      <Filter>Source Files\Storage</Filter>
    </ClCompile>
    <ClCompile Include="..\LiteCore\Storage\SQLiteDataFile.cc">
      <Filter>Source Files\Storage</Filter>
    </ClCompile>
    <ClCompile Include="..\LiteCore\VersionVectors\CASRevisionStore.cc">
      <Filter>Source Files\VersionVectors</Filter>
    </ClCompile>
    <ClCompile Include="..\LiteCore\VersionVectors\Revision.cc">
      <Filter>Source Files\VersionVectors</Filter>
    </ClCompile>
    <ClCompile Include="..\LiteCore\VersionVectors\RevisionStore.cc">
      <Filter>Source Files\VersionVectors</Filter>
    </ClCompile>
    <ClCompile Include="..\LiteCore\VersionVectors\VersionVector.cc">
      <Filter>Source Files\VersionVectors</Filter>
    </ClCompile>
    <ClCompile Include="..\LiteCore\RevTrees\RawRevTree.cc">
      <Filter>Source Files\Rev-Trees</Filter>
    </ClCompile>
    <ClCompile Include="..\LiteCore\RevTrees\RevID.cc">
      <Filter>Source Files\Rev-Trees</Filter>
    </ClCompile>
    <ClCompile Include="..\LiteCore\RevTrees\RevTree.cc">
      <Filter>Source Files\Rev-Trees</Filter>
    </ClCompile>
    <ClCompile Include="..\LiteCore\RevTrees\VersionedDocument.cc">
      <Filter>Source Files\Rev-Trees</Filter>
    </ClCompile>
    <ClCompile Include="..\LiteCore\Indexes\FullTextIndex.cc">
      <Filter>Source Files\Indexes</Filter>
    </ClCompile>
    <ClCompile Include="..\LiteCore\Indexes\Geohash.cc">
      <Filter>Source Files\Indexes</Filter>
    </ClCompile>
    <ClCompile Include="..\LiteCore\Indexes\GeoIndex.cc">
      <Filter>Source Files\Indexes</Filter>
    </ClCompile>
    <ClCompile Include="..\LiteCore\Indexes\Index.cc">
      <Filter>Source Files\Indexes</Filter>
    </ClCompile>
    <ClCompile Include="..\LiteCore\Indexes\MapReduceIndex.cc">
      <Filter>Source Files\Indexes</Filter>
    </ClCompile>
    <ClCompile Include="..\LiteCore\Indexes\Tokenizer.cc">
      <Filter>Source Files\Indexes</Filter>
    </ClCompile>
    <ClCompile Include="..\LiteCore\Support\Collatable.cc">
      <Filter>Source Files\Support</Filter>
    </ClCompile>
    <ClCompile Include="..\LiteCore\Support\Error.cc">
      <Filter>Source Files\Support</Filter>
    </ClCompile>
    <ClCompile Include="..\LiteCore\Support\FilePath.cc">
      <Filter>Source Files\Support</Filter>
    </ClCompile>
    <ClCompile Include="..\LiteCore\Support\RefCounted.cc">
      <Filter>Source Files\Support</Filter>
    </ClCompile>
    <ClCompile Include="..\C\c4Base.cc">
      <Filter>Source Files\C API</Filter>
    </ClCompile>
    <ClCompile Include="..\C\c4Database.cc">
      <Filter>Source Files\C API</Filter>
    </ClCompile>
    <ClCompile Include="..\C\c4DocEnumerator.cc">
      <Filter>Source Files\C API</Filter>
    </ClCompile>
    <ClCompile Include="..\C\c4DocExpiration.cc">
      <Filter>Source Files\C API</Filter>
    </ClCompile>
    <ClCompile Include="..\C\c4Document.cc">
      <Filter>Source Files\C API</Filter>
    </ClCompile>
    <ClCompile Include="..\C\c4Key.cc">
      <Filter>Source Files\C API</Filter>
    </ClCompile>
    <ClCompile Include="..\C\c4View.cc">
      <Filter>Source Files\C API</Filter>
    </ClCompile>
    <ClCompile Include="..\vendor\sqlite3-unicodesn\fts3_unicode2.c">
      <Filter>Source Files\Unicodesn</Filter>
    </ClCompile>
    <ClCompile Include="..\vendor\sqlite3-unicodesn\fts3_unicodesn.c">
      <Filter>Source Files\Unicodesn</Filter>
    </ClCompile>
    <ClCompile Include="..\vendor\sqlite3-unicodesn\sqlite3_unicodesn_tokenizer.c">
      <Filter>Source Files\Unicodesn</Filter>
    </ClCompile>
    <ClCompile Include="..\vendor\sqlite3-unicodesn\libstemmer_c\src_c\stem_ISO_8859_1_danish.c">
      <Filter>Source Files\Unicodesn</Filter>
    </ClCompile>
    <ClCompile Include="..\vendor\sqlite3-unicodesn\libstemmer_c\src_c\stem_ISO_8859_1_dutch.c">
      <Filter>Source Files\Unicodesn</Filter>
    </ClCompile>
    <ClCompile Include="..\vendor\sqlite3-unicodesn\libstemmer_c\src_c\stem_ISO_8859_1_english.c">
      <Filter>Source Files\Unicodesn</Filter>
    </ClCompile>
    <ClCompile Include="..\vendor\sqlite3-unicodesn\libstemmer_c\src_c\stem_ISO_8859_1_finnish.c">
      <Filter>Source Files\Unicodesn</Filter>
    </ClCompile>
    <ClCompile Include="..\vendor\sqlite3-unicodesn\libstemmer_c\src_c\stem_ISO_8859_1_french.c">
      <Filter>Source Files\Unicodesn</Filter>
    </ClCompile>
    <ClCompile Include="..\vendor\sqlite3-unicodesn\libstemmer_c\src_c\stem_ISO_8859_1_german.c">
      <Filter>Source Files\Unicodesn</Filter>
    </ClCompile>
    <ClCompile Include="..\vendor\sqlite3-unicodesn\libstemmer_c\src_c\stem_ISO_8859_1_hungarian.c">
      <Filter>Source Files\Unicodesn</Filter>
    </ClCompile>
    <ClCompile Include="..\vendor\sqlite3-unicodesn\libstemmer_c\src_c\stem_ISO_8859_1_italian.c">
      <Filter>Source Files\Unicodesn</Filter>
    </ClCompile>
    <ClCompile Include="..\vendor\sqlite3-unicodesn\libstemmer_c\src_c\stem_ISO_8859_1_norwegian.c">
      <Filter>Source Files\Unicodesn</Filter>
    </ClCompile>
    <ClCompile Include="..\vendor\sqlite3-unicodesn\libstemmer_c\src_c\stem_ISO_8859_1_porter.c">
      <Filter>Source Files\Unicodesn</Filter>
    </ClCompile>
    <ClCompile Include="..\vendor\sqlite3-unicodesn\libstemmer_c\src_c\stem_ISO_8859_1_portuguese.c">
      <Filter>Source Files\Unicodesn</Filter>
    </ClCompile>
    <ClCompile Include="..\vendor\sqlite3-unicodesn\libstemmer_c\src_c\stem_ISO_8859_1_spanish.c">
      <Filter>Source Files\Unicodesn</Filter>
    </ClCompile>
    <ClCompile Include="..\vendor\sqlite3-unicodesn\libstemmer_c\src_c\stem_ISO_8859_1_swedish.c">
      <Filter>Source Files\Unicodesn</Filter>
    </ClCompile>
    <ClCompile Include="..\vendor\sqlite3-unicodesn\libstemmer_c\src_c\stem_ISO_8859_2_romanian.c">
      <Filter>Source Files\Unicodesn</Filter>
    </ClCompile>
    <ClCompile Include="..\vendor\sqlite3-unicodesn\libstemmer_c\src_c\stem_KOI8_R_russian.c">
      <Filter>Source Files\Unicodesn</Filter>
    </ClCompile>
    <ClCompile Include="..\vendor\sqlite3-unicodesn\libstemmer_c\src_c\stem_UTF_8_danish.c">
      <Filter>Source Files\Unicodesn</Filter>
    </ClCompile>
    <ClCompile Include="..\vendor\sqlite3-unicodesn\libstemmer_c\src_c\stem_UTF_8_dutch.c">
      <Filter>Source Files\Unicodesn</Filter>
    </ClCompile>
    <ClCompile Include="..\vendor\sqlite3-unicodesn\libstemmer_c\src_c\stem_UTF_8_english.c">
      <Filter>Source Files\Unicodesn</Filter>
    </ClCompile>
    <ClCompile Include="..\vendor\sqlite3-unicodesn\libstemmer_c\src_c\stem_UTF_8_finnish.c">
      <Filter>Source Files\Unicodesn</Filter>
    </ClCompile>
    <ClCompile Include="..\vendor\sqlite3-unicodesn\libstemmer_c\src_c\stem_UTF_8_french.c">
      <Filter>Source Files\Unicodesn</Filter>
    </ClCompile>
    <ClCompile Include="..\vendor\sqlite3-unicodesn\libstemmer_c\src_c\stem_UTF_8_german.c">
      <Filter>Source Files\Unicodesn</Filter>
    </ClCompile>
    <ClCompile Include="..\vendor\sqlite3-unicodesn\libstemmer_c\src_c\stem_UTF_8_hungarian.c">
      <Filter>Source Files\Unicodesn</Filter>
    </ClCompile>
    <ClCompile Include="..\vendor\sqlite3-unicodesn\libstemmer_c\src_c\stem_UTF_8_italian.c">
      <Filter>Source Files\Unicodesn</Filter>
    </ClCompile>
    <ClCompile Include="..\vendor\sqlite3-unicodesn\libstemmer_c\src_c\stem_UTF_8_norwegian.c">
      <Filter>Source Files\Unicodesn</Filter>
    </ClCompile>
    <ClCompile Include="..\vendor\sqlite3-unicodesn\libstemmer_c\src_c\stem_UTF_8_porter.c">
      <Filter>Source Files\Unicodesn</Filter>
    </ClCompile>
    <ClCompile Include="..\vendor\sqlite3-unicodesn\libstemmer_c\src_c\stem_UTF_8_portuguese.c">
      <Filter>Source Files\Unicodesn</Filter>
    </ClCompile>
    <ClCompile Include="..\vendor\sqlite3-unicodesn\libstemmer_c\src_c\stem_UTF_8_romanian.c">
      <Filter>Source Files\Unicodesn</Filter>
    </ClCompile>
    <ClCompile Include="..\vendor\sqlite3-unicodesn\libstemmer_c\src_c\stem_UTF_8_russian.c">
      <Filter>Source Files\Unicodesn</Filter>
    </ClCompile>
    <ClCompile Include="..\vendor\sqlite3-unicodesn\libstemmer_c\src_c\stem_UTF_8_spanish.c">
      <Filter>Source Files\Unicodesn</Filter>
    </ClCompile>
    <ClCompile Include="..\vendor\sqlite3-unicodesn\libstemmer_c\src_c\stem_UTF_8_swedish.c">
      <Filter>Source Files\Unicodesn</Filter>
    </ClCompile>
    <ClCompile Include="..\vendor\sqlite3-unicodesn\libstemmer_c\src_c\stem_UTF_8_turkish.c">
      <Filter>Source Files\Unicodesn</Filter>
    </ClCompile>
    <ClCompile Include="..\vendor\sqlite3-unicodesn\libstemmer_c\runtime\api_sq3.c">
      <Filter>Source Files\Unicodesn</Filter>
    </ClCompile>
    <ClCompile Include="..\vendor\sqlite3-unicodesn\libstemmer_c\runtime\utilities_sq3.c">
      <Filter>Source Files\Unicodesn</Filter>
    </ClCompile>
    <ClCompile Include="asprintf.c">
      <Filter>Source Files</Filter>
    </ClCompile>
    <ClCompile Include="memmem.cc">
      <Filter>Source Files</Filter>
    </ClCompile>
    <ClCompile Include="vasprintf-msvc.c">
      <Filter>Source Files</Filter>
    </ClCompile>
    <ClCompile Include="..\LiteCore\Support\EncryptedStream.cc">
      <Filter>Source Files\Support</Filter>
    </ClCompile>
    <ClCompile Include="mkstemps.cc">
      <Filter>Source Files</Filter>
    </ClCompile>
    <ClCompile Include="..\LiteCore\Storage\SQLiteFleeceEach.cc">
      <Filter>Source Files\Storage</Filter>
    </ClCompile>
    <ClCompile Include="..\LiteCore\Storage\SQLiteFleeceFunctions.cc">
      <Filter>Source Files\Storage</Filter>
    </ClCompile>
    <ClCompile Include="..\LiteCore\Storage\Query.cc">
      <Filter>Source Files\Storage</Filter>
    </ClCompile>
    <ClCompile Include="..\LiteCore\Storage\QueryParser.cc">
      <Filter>Source Files\Storage</Filter>
    </ClCompile>
    <ClCompile Include="..\LiteCore\Storage\SQLiteIterator.cc">
      <Filter>Source Files\Storage</Filter>
    </ClCompile>
    <ClCompile Include="..\LiteCore\Storage\SQLiteKeyStore.cc">
      <Filter>Source Files\Storage</Filter>
    </ClCompile>
    <ClCompile Include="..\C\c4BlobStore.cc">
      <Filter>Source Files\C API</Filter>
    </ClCompile>
    <ClCompile Include="..\C\c4ViewQuery.cc">
      <Filter>Source Files\C API</Filter>
    </ClCompile>
    <ClCompile Include="..\LiteCore\BlobStore\BlobStore.cc">
      <Filter>Source Files\BlobStore</Filter>
    </ClCompile>
    <ClCompile Include="..\LiteCore\BlobStore\Stream.cc">
      <Filter>Source Files\BlobStore</Filter>
    </ClCompile>
    <ClCompile Include="strlcat.c">
      <Filter>Source Files</Filter>
    </ClCompile>
    <ClCompile Include="..\LiteCore\Storage\Record.cc">
      <Filter>Source Files\Storage</Filter>
    </ClCompile>
    <ClCompile Include="..\LiteCore\Storage\RecordEnumerator.cc">
      <Filter>Source Files\Storage</Filter>
    </ClCompile>
    <ClCompile Include="..\C\TreeDocument.cc">
      <Filter>Source Files\C API</Filter>
    </ClCompile>
    <ClCompile Include="..\C\VectorDocument.cc">
      <Filter>Source Files\C API</Filter>
    </ClCompile>
    <ClCompile Include="..\C\Database.cc">
      <Filter>Source Files\C API</Filter>
    </ClCompile>
    <ClCompile Include="..\LiteCore\Support\Logging.cc">
      <Filter>Source Files\Support</Filter>
    </ClCompile>
  </ItemGroup>
</Project>