<?xml version="1.0" encoding="UTF-8"?>
<Scheme
   LastUpgradeVersion = "0920"
   version = "1.3">
   <BuildAction
      parallelizeBuildables = "YES"
      buildImplicitDependencies = "YES">
      <BuildActionEntries>
         <BuildActionEntry
            buildForTesting = "YES"
            buildForRunning = "YES"
            buildForProfiling = "YES"
            buildForArchiving = "YES"
            buildForAnalyzing = "YES">
            <BuildableReference
               BuildableIdentifier = "primary"
               BlueprintIdentifier = "272AEC4A1F560FF600051F0A"
               BuildableName = "cblite"
               BlueprintName = "cblite"
               ReferencedContainer = "container:LiteCore.xcodeproj">
            </BuildableReference>
         </BuildActionEntry>
      </BuildActionEntries>
   </BuildAction>
   <TestAction
      buildConfiguration = "Debug-EE"
      selectedDebuggerIdentifier = "Xcode.DebuggerFoundation.Debugger.LLDB"
      selectedLauncherIdentifier = "Xcode.DebuggerFoundation.Launcher.LLDB"
      shouldUseLaunchSchemeArgsEnv = "YES">
      <Testables>
      </Testables>
      <MacroExpansion>
         <BuildableReference
            BuildableIdentifier = "primary"
            BlueprintIdentifier = "272AEC4A1F560FF600051F0A"
            BuildableName = "cblite"
            BlueprintName = "cblite"
            ReferencedContainer = "container:LiteCore.xcodeproj">
         </BuildableReference>
      </MacroExpansion>
      <AdditionalOptions>
      </AdditionalOptions>
   </TestAction>
   <LaunchAction
      buildConfiguration = "Debug-EE"
      selectedDebuggerIdentifier = "Xcode.DebuggerFoundation.Debugger.LLDB"
      selectedLauncherIdentifier = "Xcode.DebuggerFoundation.Launcher.LLDB"
      enableASanStackUseAfterReturn = "YES"
      disableMainThreadChecker = "YES"
      launchStyle = "0"
      useCustomWorkingDirectory = "NO"
      ignoresPersistentStateOnLaunch = "NO"
      debugDocumentVersioning = "YES"
      debugServiceExtension = "internal"
      allowLocationSimulation = "YES">
      <BuildableProductRunnable
         runnableDebuggingMode = "0">
         <BuildableReference
            BuildableIdentifier = "primary"
            BlueprintIdentifier = "272AEC4A1F560FF600051F0A"
            BuildableName = "cblite"
            BlueprintName = "cblite"
            ReferencedContainer = "container:LiteCore.xcodeproj">
         </BuildableReference>
      </BuildableProductRunnable>
      <CommandLineArguments>
         <CommandLineArgument
            argument = "--help"
            isEnabled = "NO">
         </CommandLineArgument>
         <CommandLineArgument
            argument = "query"
            isEnabled = "NO">
         </CommandLineArgument>
         <CommandLineArgument
            argument = "ls"
            isEnabled = "NO">
         </CommandLineArgument>
         <CommandLineArgument
            argument = "file"
            isEnabled = "NO">
         </CommandLineArgument>
         <CommandLineArgument
            argument = "serve"
            isEnabled = "NO">
         </CommandLineArgument>
         <CommandLineArgument
            argument = "--body"
            isEnabled = "NO">
         </CommandLineArgument>
         <CommandLineArgument
            argument = "-l"
            isEnabled = "NO">
         </CommandLineArgument>
         <CommandLineArgument
            argument = "--seq"
            isEnabled = "NO">
         </CommandLineArgument>
         <CommandLineArgument
            argument = "--desc"
            isEnabled = "NO">
         </CommandLineArgument>
         <CommandLineArgument
            argument = "--conf"
            isEnabled = "NO">
         </CommandLineArgument>
         <CommandLineArgument
            argument = "--limit 100"
            isEnabled = "NO">
         </CommandLineArgument>
         <CommandLineArgument
            argument = "--offset 10"
            isEnabled = "NO">
         </CommandLineArgument>
         <CommandLineArgument
            argument = "/Couchbase/DataSets/travel-sample/travel-sample.cblite2"
            isEnabled = "NO">
         </CommandLineArgument>
         <CommandLineArgument
            argument = "&quot;{WHAT: [[&apos;.name&apos;]], WHERE:  [&apos;=&apos;, [&apos;.type&apos;], &apos;airline&apos;], ORDER_BY: [[&apos;.name&apos;]]}&quot;"
            isEnabled = "NO">
         </CommandLineArgument>
         <CommandLineArgument
            argument = "&quot;[&apos;=&apos;, [&apos;.type&apos;], &apos;airline&apos;]&quot;"
            isEnabled = "NO">
         </CommandLineArgument>
         <CommandLineArgument
            argument = "SELECT * FROM kv_default LIMIT 10"
            isEnabled = "NO">
         </CommandLineArgument>
         <CommandLineArgument
            argument = "airline_1*"
            isEnabled = "NO">
         </CommandLineArgument>
      </CommandLineArguments>
      <AdditionalOptions>
         <AdditionalOption
            key = "MallocScribble"
            value = ""
            isEnabled = "YES">
         </AdditionalOption>
      </AdditionalOptions>
   </LaunchAction>
   <ProfileAction
      buildConfiguration = "Release-EE"
      shouldUseLaunchSchemeArgsEnv = "YES"
      savedToolIdentifier = ""
      useCustomWorkingDirectory = "NO"
      debugDocumentVersioning = "YES">
      <BuildableProductRunnable
         runnableDebuggingMode = "0">
         <BuildableReference
            BuildableIdentifier = "primary"
            BlueprintIdentifier = "272AEC4A1F560FF600051F0A"
            BuildableName = "cblite"
            BlueprintName = "cblite"
            ReferencedContainer = "container:LiteCore.xcodeproj">
         </BuildableReference>
      </BuildableProductRunnable>
   </ProfileAction>
   <AnalyzeAction
      buildConfiguration = "Debug-EE">
   </AnalyzeAction>
   <ArchiveAction
      buildConfiguration = "Release-EE"
      revealArchiveInOrganizer = "YES">
   </ArchiveAction>
</Scheme>
